// !$*UTF8*$!
{
	archiveVersion = 1;
	classes = {
	};
	objectVersion = 46;
	objects = {

/* Begin PBXBuildFile section */
		2B6E09E31D58367D000A8C58 /* main.m in Sources */ = {isa = PBXBuildFile; fileRef = 2B6E09E21D58367D000A8C58 /* main.m */; };
		2B6E09E61D58367D000A8C58 /* AppDelegate.m in Sources */ = {isa = PBXBuildFile; fileRef = 2B6E09E51D58367D000A8C58 /* AppDelegate.m */; };
		2B6E09E91D58367D000A8C58 /* ViewController.m in Sources */ = {isa = PBXBuildFile; fileRef = 2B6E09E81D58367D000A8C58 /* ViewController.m */; };
		2B6E09EC1D58367D000A8C58 /* Main.storyboard in Resources */ = {isa = PBXBuildFile; fileRef = 2B6E09EA1D58367D000A8C58 /* Main.storyboard */; };
		2B6E09EE1D58367D000A8C58 /* Assets.xcassets in Resources */ = {isa = PBXBuildFile; fileRef = 2B6E09ED1D58367D000A8C58 /* Assets.xcassets */; };
		2B6E09F11D58367D000A8C58 /* LaunchScreen.storyboard in Resources */ = {isa = PBXBuildFile; fileRef = 2B6E09EF1D58367D000A8C58 /* LaunchScreen.storyboard */; };
		2B6E09FC1D58367D000A8C58 /* XMLYFMTests.m in Sources */ = {isa = PBXBuildFile; fileRef = 2B6E09FB1D58367D000A8C58 /* XMLYFMTests.m */; };
		2B6E0A071D58367D000A8C58 /* XMLYFMUITests.m in Sources */ = {isa = PBXBuildFile; fileRef = 2B6E0A061D58367D000A8C58 /* XMLYFMUITests.m */; };
/* End PBXBuildFile section */

/* Begin PBXContainerItemProxy section */
		2B6E09F81D58367D000A8C58 /* PBXContainerItemProxy */ = {
			isa = PBXContainerItemProxy;
			containerPortal = 2B6E09D61D58367D000A8C58 /* Project object */;
			proxyType = 1;
			remoteGlobalIDString = 2B6E09DD1D58367D000A8C58;
			remoteInfo = XMLYFM;
		};
		2B6E0A031D58367D000A8C58 /* PBXContainerItemProxy */ = {
			isa = PBXContainerItemProxy;
			containerPortal = 2B6E09D61D58367D000A8C58 /* Project object */;
			proxyType = 1;
			remoteGlobalIDString = 2B6E09DD1D58367D000A8C58;
			remoteInfo = XMLYFM;
		};
/* End PBXContainerItemProxy section */

/* Begin PBXFileReference section */
		2B6E09DE1D58367D000A8C58 /* XMLYFM.app */ = {isa = PBXFileReference; explicitFileType = wrapper.application; includeInIndex = 0; path = XMLYFM.app; sourceTree = BUILT_PRODUCTS_DIR; };
		2B6E09E21D58367D000A8C58 /* main.m */ = {isa = PBXFileReference; lastKnownFileType = sourcecode.c.objc; path = main.m; sourceTree = "<group>"; };
		2B6E09E41D58367D000A8C58 /* AppDelegate.h */ = {isa = PBXFileReference; lastKnownFileType = sourcecode.c.h; path = AppDelegate.h; sourceTree = "<group>"; };
		2B6E09E51D58367D000A8C58 /* AppDelegate.m */ = {isa = PBXFileReference; lastKnownFileType = sourcecode.c.objc; path = AppDelegate.m; sourceTree = "<group>"; };
		2B6E09E71D58367D000A8C58 /* ViewController.h */ = {isa = PBXFileReference; lastKnownFileType = sourcecode.c.h; path = ViewController.h; sourceTree = "<group>"; };
		2B6E09E81D58367D000A8C58 /* ViewController.m */ = {isa = PBXFileReference; lastKnownFileType = sourcecode.c.objc; path = ViewController.m; sourceTree = "<group>"; };
		2B6E09EB1D58367D000A8C58 /* Base */ = {isa = PBXFileReference; lastKnownFileType = file.storyboard; name = Base; path = Base.lproj/Main.storyboard; sourceTree = "<group>"; };
		2B6E09ED1D58367D000A8C58 /* Assets.xcassets */ = {isa = PBXFileReference; lastKnownFileType = folder.assetcatalog; path = Assets.xcassets; sourceTree = "<group>"; };
		2B6E09F01D58367D000A8C58 /* Base */ = {isa = PBXFileReference; lastKnownFileType = file.storyboard; name = Base; path = Base.lproj/LaunchScreen.storyboard; sourceTree = "<group>"; };
		2B6E09F21D58367D000A8C58 /* Info.plist */ = {isa = PBXFileReference; lastKnownFileType = text.plist.xml; path = Info.plist; sourceTree = "<group>"; };
		2B6E09F71D58367D000A8C58 /* XMLYFMTests.xctest */ = {isa = PBXFileReference; explicitFileType = wrapper.cfbundle; includeInIndex = 0; path = XMLYFMTests.xctest; sourceTree = BUILT_PRODUCTS_DIR; };
		2B6E09FB1D58367D000A8C58 /* XMLYFMTests.m */ = {isa = PBXFileReference; lastKnownFileType = sourcecode.c.objc; path = XMLYFMTests.m; sourceTree = "<group>"; };
		2B6E09FD1D58367D000A8C58 /* Info.plist */ = {isa = PBXFileReference; lastKnownFileType = text.plist.xml; path = Info.plist; sourceTree = "<group>"; };
		2B6E0A021D58367D000A8C58 /* XMLYFMUITests.xctest */ = {isa = PBXFileReference; explicitFileType = wrapper.cfbundle; includeInIndex = 0; path = XMLYFMUITests.xctest; sourceTree = BUILT_PRODUCTS_DIR; };
		2B6E0A061D58367D000A8C58 /* XMLYFMUITests.m */ = {isa = PBXFileReference; lastKnownFileType = sourcecode.c.objc; path = XMLYFMUITests.m; sourceTree = "<group>"; };
		2B6E0A081D58367D000A8C58 /* Info.plist */ = {isa = PBXFileReference; lastKnownFileType = text.plist.xml; path = Info.plist; sourceTree = "<group>"; };
/* End PBXFileReference section */

/* Begin PBXFrameworksBuildPhase section */
		2B6E09DB1D58367D000A8C58 /* Frameworks */ = {
			isa = PBXFrameworksBuildPhase;
			buildActionMask = 2147483647;
			files = (
			);
			runOnlyForDeploymentPostprocessing = 0;
		};
		2B6E09F41D58367D000A8C58 /* Frameworks */ = {
			isa = PBXFrameworksBuildPhase;
			buildActionMask = 2147483647;
			files = (
			);
			runOnlyForDeploymentPostprocessing = 0;
		};
		2B6E09FF1D58367D000A8C58 /* Frameworks */ = {
			isa = PBXFrameworksBuildPhase;
			buildActionMask = 2147483647;
			files = (
			);
			runOnlyForDeploymentPostprocessing = 0;
		};
/* End PBXFrameworksBuildPhase section */

/* Begin PBXGroup section */
		2B6E09D51D58367D000A8C58 = {
			isa = PBXGroup;
			children = (
				2B6E09E01D58367D000A8C58 /* XMLYFM */,
				2B6E09FA1D58367D000A8C58 /* XMLYFMTests */,
				2B6E0A051D58367D000A8C58 /* XMLYFMUITests */,
				2B6E09DF1D58367D000A8C58 /* Products */,
			);
			sourceTree = "<group>";
		};
		2B6E09DF1D58367D000A8C58 /* Products */ = {
			isa = PBXGroup;
			children = (
				2B6E09DE1D58367D000A8C58 /* XMLYFM.app */,
				2B6E09F71D58367D000A8C58 /* XMLYFMTests.xctest */,
				2B6E0A021D58367D000A8C58 /* XMLYFMUITests.xctest */,
			);
			name = Products;
			sourceTree = "<group>";
		};
		2B6E09E01D58367D000A8C58 /* XMLYFM */ = {
			isa = PBXGroup;
			children = (
				2B6E09E41D58367D000A8C58 /* AppDelegate.h */,
				2B6E09E51D58367D000A8C58 /* AppDelegate.m */,
				2B6E09E71D58367D000A8C58 /* ViewController.h */,
				2B6E09E81D58367D000A8C58 /* ViewController.m */,
				2B6E09EA1D58367D000A8C58 /* Main.storyboard */,
				2B6E09ED1D58367D000A8C58 /* Assets.xcassets */,
				2B6E09EF1D58367D000A8C58 /* LaunchScreen.storyboard */,
				2B6E09F21D58367D000A8C58 /* Info.plist */,
				2B6E09E11D58367D000A8C58 /* Supporting Files */,
			);
			path = XMLYFM;
			sourceTree = "<group>";
		};
		2B6E09E11D58367D000A8C58 /* Supporting Files */ = {
			isa = PBXGroup;
			children = (
				2B6E09E21D58367D000A8C58 /* main.m */,
			);
			name = "Supporting Files";
			sourceTree = "<group>";
		};
		2B6E09FA1D58367D000A8C58 /* XMLYFMTests */ = {
			isa = PBXGroup;
			children = (
				2B6E09FB1D58367D000A8C58 /* XMLYFMTests.m */,
				2B6E09FD1D58367D000A8C58 /* Info.plist */,
			);
			path = XMLYFMTests;
			sourceTree = "<group>";
		};
		2B6E0A051D58367D000A8C58 /* XMLYFMUITests */ = {
			isa = PBXGroup;
			children = (
				2B6E0A061D58367D000A8C58 /* XMLYFMUITests.m */,
				2B6E0A081D58367D000A8C58 /* Info.plist */,
			);
			path = XMLYFMUITests;
			sourceTree = "<group>";
		};
/* End PBXGroup section */

/* Begin PBXNativeTarget section */
		2B6E09DD1D58367D000A8C58 /* XMLYFM */ = {
			isa = PBXNativeTarget;
			buildConfigurationList = 2B6E0A0B1D58367D000A8C58 /* Build configuration list for PBXNativeTarget "XMLYFM" */;
			buildPhases = (
				2B6E09DA1D58367D000A8C58 /* Sources */,
				2B6E09DB1D58367D000A8C58 /* Frameworks */,
				2B6E09DC1D58367D000A8C58 /* Resources */,
			);
			buildRules = (
			);
			dependencies = (
			);
			name = XMLYFM;
			productName = XMLYFM;
			productReference = 2B6E09DE1D58367D000A8C58 /* XMLYFM.app */;
			productType = "com.apple.product-type.application";
		};
		2B6E09F61D58367D000A8C58 /* XMLYFMTests */ = {
			isa = PBXNativeTarget;
			buildConfigurationList = 2B6E0A0E1D58367D000A8C58 /* Build configuration list for PBXNativeTarget "XMLYFMTests" */;
			buildPhases = (
				2B6E09F31D58367D000A8C58 /* Sources */,
				2B6E09F41D58367D000A8C58 /* Frameworks */,
				2B6E09F51D58367D000A8C58 /* Resources */,
			);
			buildRules = (
			);
			dependencies = (
				2B6E09F91D58367D000A8C58 /* PBXTargetDependency */,
			);
			name = XMLYFMTests;
			productName = XMLYFMTests;
			productReference = 2B6E09F71D58367D000A8C58 /* XMLYFMTests.xctest */;
			productType = "com.apple.product-type.bundle.unit-test";
		};
		2B6E0A011D58367D000A8C58 /* XMLYFMUITests */ = {
			isa = PBXNativeTarget;
			buildConfigurationList = 2B6E0A111D58367D000A8C58 /* Build configuration list for PBXNativeTarget "XMLYFMUITests" */;
			buildPhases = (
				2B6E09FE1D58367D000A8C58 /* Sources */,
				2B6E09FF1D58367D000A8C58 /* Frameworks */,
				2B6E0A001D58367D000A8C58 /* Resources */,
			);
			buildRules = (
			);
			dependencies = (
				2B6E0A041D58367D000A8C58 /* PBXTargetDependency */,
			);
			name = XMLYFMUITests;
			productName = XMLYFMUITests;
			productReference = 2B6E0A021D58367D000A8C58 /* XMLYFMUITests.xctest */;
			productType = "com.apple.product-type.bundle.ui-testing";
		};
/* End PBXNativeTarget section */

/* Begin PBXProject section */
		2B6E09D61D58367D000A8C58 /* Project object */ = {
			isa = PBXProject;
			attributes = {
				LastUpgradeCheck = 0730;
				ORGANIZATIONNAME = East_wu;
				TargetAttributes = {
					2B6E09DD1D58367D000A8C58 = {
						CreatedOnToolsVersion = 7.3.1;
					};
					2B6E09F61D58367D000A8C58 = {
						CreatedOnToolsVersion = 7.3.1;
						TestTargetID = 2B6E09DD1D58367D000A8C58;
					};
					2B6E0A011D58367D000A8C58 = {
						CreatedOnToolsVersion = 7.3.1;
						TestTargetID = 2B6E09DD1D58367D000A8C58;
					};
				};
			};
			buildConfigurationList = 2B6E09D91D58367D000A8C58 /* Build configuration list for PBXProject "XMLYFM" */;
			compatibilityVersion = "Xcode 3.2";
			developmentRegion = English;
			hasScannedForEncodings = 0;
			knownRegions = (
				en,
				Base,
			);
			mainGroup = 2B6E09D51D58367D000A8C58;
			productRefGroup = 2B6E09DF1D58367D000A8C58 /* Products */;
			projectDirPath = "";
			projectRoot = "";
			targets = (
				2B6E09DD1D58367D000A8C58 /* XMLYFM */,
				2B6E09F61D58367D000A8C58 /* XMLYFMTests */,
				2B6E0A011D58367D000A8C58 /* XMLYFMUITests */,
			);
		};
/* End PBXProject section */

/* Begin PBXResourcesBuildPhase section */
		2B6E09DC1D58367D000A8C58 /* Resources */ = {
			isa = PBXResourcesBuildPhase;
			buildActionMask = 2147483647;
			files = (
				2B6E09F11D58367D000A8C58 /* LaunchScreen.storyboard in Resources */,
				2B6E09EE1D58367D000A8C58 /* Assets.xcassets in Resources */,
				2B6E09EC1D58367D000A8C58 /* Main.storyboard in Resources */,
			);
			runOnlyForDeploymentPostprocessing = 0;
		};
		2B6E09F51D58367D000A8C58 /* Resources */ = {
			isa = PBXResourcesBuildPhase;
			buildActionMask = 2147483647;
			files = (
			);
			runOnlyForDeploymentPostprocessing = 0;
		};
		2B6E0A001D58367D000A8C58 /* Resources */ = {
			isa = PBXResourcesBuildPhase;
			buildActionMask = 2147483647;
			files = (
			);
			runOnlyForDeploymentPostprocessing = 0;
		};
/* End PBXResourcesBuildPhase section */

/* Begin PBXSourcesBuildPhase section */
		2B6E09DA1D58367D000A8C58 /* Sources */ = {
			isa = PBXSourcesBuildPhase;
			buildActionMask = 2147483647;
			files = (
				2B6E09E91D58367D000A8C58 /* ViewController.m in Sources */,
				2B6E09E61D58367D000A8C58 /* AppDelegate.m in Sources */,
				2B6E09E31D58367D000A8C58 /* main.m in Sources */,
			);
			runOnlyForDeploymentPostprocessing = 0;
		};
		2B6E09F31D58367D000A8C58 /* Sources */ = {
			isa = PBXSourcesBuildPhase;
			buildActionMask = 2147483647;
			files = (
				2B6E09FC1D58367D000A8C58 /* XMLYFMTests.m in Sources */,
			);
			runOnlyForDeploymentPostprocessing = 0;
		};
		2B6E09FE1D58367D000A8C58 /* Sources */ = {
			isa = PBXSourcesBuildPhase;
			buildActionMask = 2147483647;
			files = (
				2B6E0A071D58367D000A8C58 /* XMLYFMUITests.m in Sources */,
			);
			runOnlyForDeploymentPostprocessing = 0;
		};
/* End PBXSourcesBuildPhase section */

/* Begin PBXTargetDependency section */
		2B6E09F91D58367D000A8C58 /* PBXTargetDependency */ = {
			isa = PBXTargetDependency;
			target = 2B6E09DD1D58367D000A8C58 /* XMLYFM */;
			targetProxy = 2B6E09F81D58367D000A8C58 /* PBXContainerItemProxy */;
		};
		2B6E0A041D58367D000A8C58 /* PBXTargetDependency */ = {
			isa = PBXTargetDependency;
			target = 2B6E09DD1D58367D000A8C58 /* XMLYFM */;
			targetProxy = 2B6E0A031D58367D000A8C58 /* PBXContainerItemProxy */;
		};
/* End PBXTargetDependency section */

/* Begin PBXVariantGroup section */
		2B6E09EA1D58367D000A8C58 /* Main.storyboard */ = {
			isa = PBXVariantGroup;
			children = (
				2B6E09EB1D58367D000A8C58 /* Base */,
			);
			name = Main.storyboard;
			sourceTree = "<group>";
		};
		2B6E09EF1D58367D000A8C58 /* LaunchScreen.storyboard */ = {
			isa = PBXVariantGroup;
			children = (
				2B6E09F01D58367D000A8C58 /* Base */,
			);
			name = LaunchScreen.storyboard;
			sourceTree = "<group>";
		};
/* End PBXVariantGroup section */

/* Begin XCBuildConfiguration section */
		2B6E0A091D58367D000A8C58 /* Debug */ = {
			isa = XCBuildConfiguration;
			buildSettings = {
				ALWAYS_SEARCH_USER_PATHS = NO;
				CLANG_ANALYZER_NONNULL = YES;
				CLANG_CXX_LANGUAGE_STANDARD = "gnu++0x";
				CLANG_CXX_LIBRARY = "libc++";
				CLANG_ENABLE_MODULES = YES;
				CLANG_ENABLE_OBJC_ARC = YES;
				CLANG_WARN_BOOL_CONVERSION = YES;
				CLANG_WARN_CONSTANT_CONVERSION = YES;
				CLANG_WARN_DIRECT_OBJC_ISA_USAGE = YES_ERROR;
				CLANG_WARN_EMPTY_BODY = YES;
				CLANG_WARN_ENUM_CONVERSION = YES;
				CLANG_WARN_INT_CONVERSION = YES;
				CLANG_WARN_OBJC_ROOT_CLASS = YES_ERROR;
				CLANG_WARN_UNREACHABLE_CODE = YES;
				CLANG_WARN__DUPLICATE_METHOD_MATCH = YES;
				"CODE_SIGN_IDENTITY[sdk=iphoneos*]" = "iPhone Developer";
				COPY_PHASE_STRIP = NO;
				DEBUG_INFORMATION_FORMAT = dwarf;
				ENABLE_STRICT_OBJC_MSGSEND = YES;
				ENABLE_TESTABILITY = YES;
				GCC_C_LANGUAGE_STANDARD = gnu99;
				GCC_DYNAMIC_NO_PIC = NO;
				GCC_NO_COMMON_BLOCKS = YES;
				GCC_OPTIMIZATION_LEVEL = 0;
				GCC_PREPROCESSOR_DEFINITIONS = (
					"DEBUG=1",
					"$(inherited)",
				);
				GCC_WARN_64_TO_32_BIT_CONVERSION = YES;
				GCC_WARN_ABOUT_RETURN_TYPE = YES_ERROR;
				GCC_WARN_UNDECLARED_SELECTOR = YES;
				GCC_WARN_UNINITIALIZED_AUTOS = YES_AGGRESSIVE;
				GCC_WARN_UNUSED_FUNCTION = YES;
				GCC_WARN_UNUSED_VARIABLE = YES;
				IPHONEOS_DEPLOYMENT_TARGET = 9.3;
				MTL_ENABLE_DEBUG_INFO = YES;
				ONLY_ACTIVE_ARCH = YES;
				SDKROOT = iphoneos;
				TARGETED_DEVICE_FAMILY = "1,2";
			};
			name = Debug;
		};
		2B6E0A0A1D58367D000A8C58 /* Release */ = {
			isa = XCBuildConfiguration;
			buildSettings = {
				ALWAYS_SEARCH_USER_PATHS = NO;
				CLANG_ANALYZER_NONNULL = YES;
				CLANG_CXX_LANGUAGE_STANDARD = "gnu++0x";
				CLANG_CXX_LIBRARY = "libc++";
				CLANG_ENABLE_MODULES = YES;
				CLANG_ENABLE_OBJC_ARC = YES;
				CLANG_WARN_BOOL_CONVERSION = YES;
				CLANG_WARN_CONSTANT_CONVERSION = YES;
				CLANG_WARN_DIRECT_OBJC_ISA_USAGE = YES_ERROR;
				CLANG_WARN_EMPTY_BODY = YES;
				CLANG_WARN_ENUM_CONVERSION = YES;
				CLANG_WARN_INT_CONVERSION = YES;
				CLANG_WARN_OBJC_ROOT_CLASS = YES_ERROR;
				CLANG_WARN_UNREACHABLE_CODE = YES;
				CLANG_WARN__DUPLICATE_METHOD_MATCH = YES;
				"CODE_SIGN_IDENTITY[sdk=iphoneos*]" = "iPhone Developer";
				COPY_PHASE_STRIP = NO;
				DEBUG_INFORMATION_FORMAT = "dwarf-with-dsym";
				ENABLE_NS_ASSERTIONS = NO;
				ENABLE_STRICT_OBJC_MSGSEND = YES;
				GCC_C_LANGUAGE_STANDARD = gnu99;
				GCC_NO_COMMON_BLOCKS = YES;
				GCC_WARN_64_TO_32_BIT_CONVERSION = YES;
				GCC_WARN_ABOUT_RETURN_TYPE = YES_ERROR;
				GCC_WARN_UNDECLARED_SELECTOR = YES;
				GCC_WARN_UNINITIALIZED_AUTOS = YES_AGGRESSIVE;
				GCC_WARN_UNUSED_FUNCTION = YES;
				GCC_WARN_UNUSED_VARIABLE = YES;
				IPHONEOS_DEPLOYMENT_TARGET = 9.3;
				MTL_ENABLE_DEBUG_INFO = NO;
				SDKROOT = iphoneos;
				TARGETED_DEVICE_FAMILY = "1,2";
				VALIDATE_PRODUCT = YES;
			};
			name = Release;
		};
		2B6E0A0C1D58367D000A8C58 /* Debug */ = {
			isa = XCBuildConfiguration;
			buildSettings = {
				ASSETCATALOG_COMPILER_APPICON_NAME = AppIcon;
				INFOPLIST_FILE = XMLYFM/Info.plist;
				LD_RUNPATH_SEARCH_PATHS = "$(inherited) @executable_path/Frameworks";
				PRODUCT_BUNDLE_IDENTIFIER = com.wudong.XMLYFM;
				PRODUCT_NAME = "$(TARGET_NAME)";
			};
			name = Debug;
		};
		2B6E0A0D1D58367D000A8C58 /* Release */ = {
			isa = XCBuildConfiguration;
			buildSettings = {
				ASSETCATALOG_COMPILER_APPICON_NAME = AppIcon;
				INFOPLIST_FILE = XMLYFM/Info.plist;
				LD_RUNPATH_SEARCH_PATHS = "$(inherited) @executable_path/Frameworks";
				PRODUCT_BUNDLE_IDENTIFIER = com.wudong.XMLYFM;
				PRODUCT_NAME = "$(TARGET_NAME)";
			};
			name = Release;
		};
		2B6E0A0F1D58367D000A8C58 /* Debug */ = {
			isa = XCBuildConfiguration;
			buildSettings = {
				BUNDLE_LOADER = "$(TEST_HOST)";
				INFOPLIST_FILE = XMLYFMTests/Info.plist;
				LD_RUNPATH_SEARCH_PATHS = "$(inherited) @executable_path/Frameworks @loader_path/Frameworks";
				PRODUCT_BUNDLE_IDENTIFIER = com.wudong.XMLYFMTests;
				PRODUCT_NAME = "$(TARGET_NAME)";
				TEST_HOST = "$(BUILT_PRODUCTS_DIR)/XMLYFM.app/XMLYFM";
			};
			name = Debug;
		};
		2B6E0A101D58367D000A8C58 /* Release */ = {
			isa = XCBuildConfiguration;
			buildSettings = {
				BUNDLE_LOADER = "$(TEST_HOST)";
				INFOPLIST_FILE = XMLYFMTests/Info.plist;
				LD_RUNPATH_SEARCH_PATHS = "$(inherited) @executable_path/Frameworks @loader_path/Frameworks";
				PRODUCT_BUNDLE_IDENTIFIER = com.wudong.XMLYFMTests;
				PRODUCT_NAME = "$(TARGET_NAME)";
				TEST_HOST = "$(BUILT_PRODUCTS_DIR)/XMLYFM.app/XMLYFM";
			};
			name = Release;
		};
		2B6E0A121D58367D000A8C58 /* Debug */ = {
			isa = XCBuildConfiguration;
			buildSettings = {
				INFOPLIST_FILE = XMLYFMUITests/Info.plist;
				LD_RUNPATH_SEARCH_PATHS = "$(inherited) @executable_path/Frameworks @loader_path/Frameworks";
				PRODUCT_BUNDLE_IDENTIFIER = com.wudong.XMLYFMUITests;
				PRODUCT_NAME = "$(TARGET_NAME)";
				TEST_TARGET_NAME = XMLYFM;
			};
			name = Debug;
		};
		2B6E0A131D58367D000A8C58 /* Release */ = {
			isa = XCBuildConfiguration;
			buildSettings = {
				INFOPLIST_FILE = XMLYFMUITests/Info.plist;
				LD_RUNPATH_SEARCH_PATHS = "$(inherited) @executable_path/Frameworks @loader_path/Frameworks";
				PRODUCT_BUNDLE_IDENTIFIER = com.wudong.XMLYFMUITests;
				PRODUCT_NAME = "$(TARGET_NAME)";
				TEST_TARGET_NAME = XMLYFM;
			};
			name = Release;
		};
/* End XCBuildConfiguration section */

/* Begin XCConfigurationList section */
		2B6E09D91D58367D000A8C58 /* Build configuration list for PBXProject "XMLYFM" */ = {
			isa = XCConfigurationList;
			buildConfigurations = (
				2B6E0A091D58367D000A8C58 /* Debug */,
				2B6E0A0A1D58367D000A8C58 /* Release */,
			);
			defaultConfigurationIsVisible = 0;
			defaultConfigurationName = Release;
		};
		2B6E0A0B1D58367D000A8C58 /* Build configuration list for PBXNativeTarget "XMLYFM" */ = {
			isa = XCConfigurationList;
			buildConfigurations = (
				2B6E0A0C1D58367D000A8C58 /* Debug */,
				2B6E0A0D1D58367D000A8C58 /* Release */,
			);
			defaultConfigurationIsVisible = 0;
		};
		2B6E0A0E1D58367D000A8C58 /* Build configuration list for PBXNativeTarget "XMLYFMTests" */ = {
			isa = XCConfigurationList;
			buildConfigurations = (
				2B6E0A0F1D58367D000A8C58 /* Debug */,
				2B6E0A101D58367D000A8C58 /* Release */,
			);
			defaultConfigurationIsVisible = 0;
		};
		2B6E0A111D58367D000A8C58 /* Build configuration list for PBXNativeTarget "XMLYFMUITests" */ = {
			isa = XCConfigurationList;
			buildConfigurations = (
				2B6E0A121D58367D000A8C58 /* Debug */,
				2B6E0A131D58367D000A8C58 /* Release */,
			);
			defaultConfigurationIsVisible = 0;
		};
/* End XCConfigurationList section */
	};
	rootObject = 2B6E09D61D58367D000A8C58 /* Project object */;
}
