// !$*UTF8*$!
{
	archiveVersion = 1;
	classes = {
	};
	objectVersion = 46;
	objects = {

/* Begin PBXBuildFile section */
		2B1DF3901D5D691700C8BC7F /* XMLYFindCellStyleFee.m in Sources */ = {isa = PBXBuildFile; fileRef = 2B1DF38E1D5D691700C8BC7F /* XMLYFindCellStyleFee.m */; };
		2B1DF3911D5D691700C8BC7F /* XMLYFindCellStyleFee.xib in Resources */ = {isa = PBXBuildFile; fileRef = 2B1DF38F1D5D691700C8BC7F /* XMLYFindCellStyleFee.xib */; };
		2B1DF3941D5D693000C8BC7F /* XMLYFindBaseCell.m in Sources */ = {isa = PBXBuildFile; fileRef = 2B1DF3931D5D693000C8BC7F /* XMLYFindBaseCell.m */; };
		2B1DF3981D5D69BC00C8BC7F /* XMLYFindCellFactory.m in Sources */ = {isa = PBXBuildFile; fileRef = 2B1DF3971D5D69BC00C8BC7F /* XMLYFindCellFactory.m */; };
		2B1DF39E1D5D6E5E00C8BC7F /* XMLYFindCellStyleLive.m in Sources */ = {isa = PBXBuildFile; fileRef = 2B1DF39C1D5D6E5E00C8BC7F /* XMLYFindCellStyleLive.m */; };
		2B1DF39F1D5D6E5E00C8BC7F /* XMLYFindCellStyleLive.xib in Resources */ = {isa = PBXBuildFile; fileRef = 2B1DF39D1D5D6E5E00C8BC7F /* XMLYFindCellStyleLive.xib */; };
		2B1DF3A51D5D782100C8BC7F /* XMLYFindCellStyleSpecial.m in Sources */ = {isa = PBXBuildFile; fileRef = 2B1DF3A31D5D782100C8BC7F /* XMLYFindCellStyleSpecial.m */; };
		2B1DF3A61D5D782100C8BC7F /* XMLYFindCellStyleSpecial.xib in Resources */ = {isa = PBXBuildFile; fileRef = 2B1DF3A41D5D782100C8BC7F /* XMLYFindCellStyleSpecial.xib */; };
		2B1DF3AB1D5D825100C8BC7F /* XMLYFindCellStyleMore.m in Sources */ = {isa = PBXBuildFile; fileRef = 2B1DF3A91D5D825100C8BC7F /* XMLYFindCellStyleMore.m */; };
		2B1DF3AC1D5D825100C8BC7F /* XMLYFindCellStyleMore.xib in Resources */ = {isa = PBXBuildFile; fileRef = 2B1DF3AA1D5D825100C8BC7F /* XMLYFindCellStyleMore.xib */; };
		2B1DF3B01D5DA40F00C8BC7F /* XMLYFindRecommendHelper.m in Sources */ = {isa = PBXBuildFile; fileRef = 2B1DF3AF1D5DA40F00C8BC7F /* XMLYFindRecommendHelper.m */; };
		2B1DF3B31D5DA63300C8BC7F /* XMLYNotification.m in Sources */ = {isa = PBXBuildFile; fileRef = 2B1DF3B21D5DA63300C8BC7F /* XMLYNotification.m */; };
		2B1DF3B71D5DB8AE00C8BC7F /* XMLYFindRecomHeader.m in Sources */ = {isa = PBXBuildFile; fileRef = 2B1DF3B61D5DB8AE00C8BC7F /* XMLYFindRecomHeader.m */; };
		2B1DF3BB1D5DBA5200C8BC7F /* XMLYFindRecomHeader.xib in Resources */ = {isa = PBXBuildFile; fileRef = 2B1DF3BA1D5DBA5200C8BC7F /* XMLYFindRecomHeader.xib */; };
		2B1DF3C21D5DBF0A00C8BC7F /* UIView+Extension.m in Sources */ = {isa = PBXBuildFile; fileRef = 2B1DF3C11D5DBF0A00C8BC7F /* UIView+Extension.m */; };
		2B1DF3C61D5DCC2100C8BC7F /* XMLYHeaderIconView.m in Sources */ = {isa = PBXBuildFile; fileRef = 2B1DF3C51D5DCC2100C8BC7F /* XMLYHeaderIconView.m */; };
		2B1DF3C81D5DCC3500C8BC7F /* XMLYHeaderIconView.xib in Resources */ = {isa = PBXBuildFile; fileRef = 2B1DF3C71D5DCC3500C8BC7F /* XMLYHeaderIconView.xib */; };
		2B1DF3CC1D5DD6BE00C8BC7F /* XMLYCategoryAPI.m in Sources */ = {isa = PBXBuildFile; fileRef = 2B1DF3CB1D5DD6BE00C8BC7F /* XMLYCategoryAPI.m */; };
		2B1DF3CF1D5DDDC100C8BC7F /* XMLYSubScribeNavView.m in Sources */ = {isa = PBXBuildFile; fileRef = 2B1DF3CE1D5DDDC100C8BC7F /* XMLYSubScribeNavView.m */; };
		2B331DDB1D5AFFA50092AA75 /* XMLYFindRecommendController.m in Sources */ = {isa = PBXBuildFile; fileRef = 2B331DDA1D5AFFA50092AA75 /* XMLYFindRecommendController.m */; };
		2B331DDE1D5B00230092AA75 /* XMLYSubFindFactory.m in Sources */ = {isa = PBXBuildFile; fileRef = 2B331DDD1D5B00230092AA75 /* XMLYSubFindFactory.m */; };
		2B331DE11D5B01C10092AA75 /* XMLYFindRankController.m in Sources */ = {isa = PBXBuildFile; fileRef = 2B331DE01D5B01C10092AA75 /* XMLYFindRankController.m */; };
		2B331DE41D5B01D50092AA75 /* XMLYFindRadioController.m in Sources */ = {isa = PBXBuildFile; fileRef = 2B331DE31D5B01D50092AA75 /* XMLYFindRadioController.m */; };
		2B331DE71D5B01E80092AA75 /* XMLYFindCategoryController.m in Sources */ = {isa = PBXBuildFile; fileRef = 2B331DE61D5B01E80092AA75 /* XMLYFindCategoryController.m */; };
		2B331DED1D5B02440092AA75 /* XMLYFindAnchorController.m in Sources */ = {isa = PBXBuildFile; fileRef = 2B331DEC1D5B02440092AA75 /* XMLYFindAnchorController.m */; };
		2B331DF11D5B08A70092AA75 /* XMLYFindBaseController.m in Sources */ = {isa = PBXBuildFile; fileRef = 2B331DF01D5B08A70092AA75 /* XMLYFindBaseController.m */; };
		2B331DF71D5B0DF50092AA75 /* XMLYFindRecomViewModel.m in Sources */ = {isa = PBXBuildFile; fileRef = 2B331DF61D5B0DF50092AA75 /* XMLYFindRecomViewModel.m */; };
		2B331DF81D5B14BC0092AA75 /* XMLYFindRecomViewModel.m in Sources */ = {isa = PBXBuildFile; fileRef = 2B331DF61D5B0DF50092AA75 /* XMLYFindRecomViewModel.m */; };
		2B331DFF1D5B20E80092AA75 /* XMLYBaseModel.m in Sources */ = {isa = PBXBuildFile; fileRef = 2B331DFE1D5B20E80092AA75 /* XMLYBaseModel.m */; };
		2B331E021D5B21360092AA75 /* XMLYFindLiveModel.m in Sources */ = {isa = PBXBuildFile; fileRef = 2B331E011D5B21360092AA75 /* XMLYFindLiveModel.m */; };
		2B331E051D5B23EB0092AA75 /* XMLYFindRecommendModel.m in Sources */ = {isa = PBXBuildFile; fileRef = 2B331E041D5B23EB0092AA75 /* XMLYFindRecommendModel.m */; };
		2B4005C81D59769600605EFB /* XMLYFindSubTitleView.m in Sources */ = {isa = PBXBuildFile; fileRef = 2B4005C71D59769600605EFB /* XMLYFindSubTitleView.m */; };
		2B4005D11D59887C00605EFB /* XMLYBaseController.m in Sources */ = {isa = PBXBuildFile; fileRef = 2B4005CF1D59887C00605EFB /* XMLYBaseController.m */; };
		2B4005D41D59889600605EFB /* XMLYBaseNavigationController.m in Sources */ = {isa = PBXBuildFile; fileRef = 2B4005D31D59889600605EFB /* XMLYBaseNavigationController.m */; };
		2B4005F01D59E7F700605EFB /* XMLYBaseRequest.m in Sources */ = {isa = PBXBuildFile; fileRef = 2B4005EF1D59E7F700605EFB /* XMLYBaseRequest.m */; };
		2B4005F51D59ECE100605EFB /* XMLYBaseAPI.m in Sources */ = {isa = PBXBuildFile; fileRef = 2B4005F41D59ECE100605EFB /* XMLYBaseAPI.m */; };
		2B4005F81D59ED6600605EFB /* XMLYFindAPI.m in Sources */ = {isa = PBXBuildFile; fileRef = 2B4005F71D59ED6600605EFB /* XMLYFindAPI.m */; };
		2B4B0C551D7FCA93009190D1 /* XMLYFindCategoryViewModel.m in Sources */ = {isa = PBXBuildFile; fileRef = 2B4B0C541D7FCA93009190D1 /* XMLYFindCategoryViewModel.m */; };
		2B4B0C581D7FCB22009190D1 /* XMLYCategoryModel.m in Sources */ = {isa = PBXBuildFile; fileRef = 2B4B0C571D7FCB22009190D1 /* XMLYCategoryModel.m */; };
		2B4B0C5F1D7FE8A4009190D1 /* NSObject+XRModel.m in Sources */ = {isa = PBXBuildFile; fileRef = 2B4B0C5B1D7FE8A4009190D1 /* NSObject+XRModel.m */; };
		2B4B0C601D7FE8A4009190D1 /* XRClassInfo.m in Sources */ = {isa = PBXBuildFile; fileRef = 2B4B0C5D1D7FE8A4009190D1 /* XRClassInfo.m */; };
		2B4B0C631D7FED36009190D1 /* XMLYCategoryFooterModel.m in Sources */ = {isa = PBXBuildFile; fileRef = 2B4B0C621D7FED36009190D1 /* XMLYCategoryFooterModel.m */; };
		2B4B0C671D7FF0BB009190D1 /* XMLYFindCategoryCell.m in Sources */ = {isa = PBXBuildFile; fileRef = 2B4B0C651D7FF0BB009190D1 /* XMLYFindCategoryCell.m */; };
		2B4B0C681D7FF0BB009190D1 /* XMLYFindCategoryCell.xib in Resources */ = {isa = PBXBuildFile; fileRef = 2B4B0C661D7FF0BB009190D1 /* XMLYFindCategoryCell.xib */; };
		2B4B0C6F1D800627009190D1 /* XMLYFindRadioViewModel.m in Sources */ = {isa = PBXBuildFile; fileRef = 2B4B0C6E1D800627009190D1 /* XMLYFindRadioViewModel.m */; };
		2B6E09E31D58367D000A8C58 /* main.m in Sources */ = {isa = PBXBuildFile; fileRef = 2B6E09E21D58367D000A8C58 /* main.m */; };
		2B6E09FC1D58367D000A8C58 /* XMLYFMTests.m in Sources */ = {isa = PBXBuildFile; fileRef = 2B6E09FB1D58367D000A8C58 /* XMLYFMTests.m */; };
		2B6E0A071D58367D000A8C58 /* XMLYFMUITests.m in Sources */ = {isa = PBXBuildFile; fileRef = 2B6E0A061D58367D000A8C58 /* XMLYFMUITests.m */; };
		2B6E0A371D58402A000A8C58 /* AppDelegate.m in Sources */ = {isa = PBXBuildFile; fileRef = 2B6E0A361D58402A000A8C58 /* AppDelegate.m */; };
		2B6E0A3C1D584062000A8C58 /* Assets.xcassets in Resources */ = {isa = PBXBuildFile; fileRef = 2B6E0A3B1D584062000A8C58 /* Assets.xcassets */; };
		2B6E0A461D584577000A8C58 /* Root.storyboard in Resources */ = {isa = PBXBuildFile; fileRef = 2B6E0A451D584577000A8C58 /* Root.storyboard */; };
		2B6E0A491D5845CF000A8C58 /* XMLYRootViewController.m in Sources */ = {isa = PBXBuildFile; fileRef = 2B6E0A481D5845CF000A8C58 /* XMLYRootViewController.m */; };
		2B6E0A4F1D58471C000A8C58 /* Find.storyboard in Resources */ = {isa = PBXBuildFile; fileRef = 2B6E0A4E1D58471C000A8C58 /* Find.storyboard */; };
		2B6E0A521D584BA1000A8C58 /* XMLYFindViewController.m in Sources */ = {isa = PBXBuildFile; fileRef = 2B6E0A511D584BA1000A8C58 /* XMLYFindViewController.m */; };
		2B6E0A581D584BF6000A8C58 /* SubScribe.storyboard in Resources */ = {isa = PBXBuildFile; fileRef = 2B6E0A571D584BF6000A8C58 /* SubScribe.storyboard */; };
		2B6E0A5B1D584C6C000A8C58 /* XMLYSubScribeViewController.m in Sources */ = {isa = PBXBuildFile; fileRef = 2B6E0A5A1D584C6C000A8C58 /* XMLYSubScribeViewController.m */; };
		2B6E0A611D584D46000A8C58 /* Play.storyboard in Resources */ = {isa = PBXBuildFile; fileRef = 2B6E0A601D584D46000A8C58 /* Play.storyboard */; };
		2B6E0A641D584E2A000A8C58 /* XMLYPlayViewController.m in Sources */ = {isa = PBXBuildFile; fileRef = 2B6E0A631D584E2A000A8C58 /* XMLYPlayViewController.m */; };
		2B6E0A6E1D584EC4000A8C58 /* DownLoad.storyboard in Resources */ = {isa = PBXBuildFile; fileRef = 2B6E0A6D1D584EC4000A8C58 /* DownLoad.storyboard */; };
		2B6E0A711D584F19000A8C58 /* XMLYDownLoadViewController.m in Sources */ = {isa = PBXBuildFile; fileRef = 2B6E0A701D584F19000A8C58 /* XMLYDownLoadViewController.m */; };
		2B6E0A731D584F30000A8C58 /* Mine.storyboard in Resources */ = {isa = PBXBuildFile; fileRef = 2B6E0A721D584F30000A8C58 /* Mine.storyboard */; };
		2B6E0A761D584F74000A8C58 /* XMLYMineViewController.m in Sources */ = {isa = PBXBuildFile; fileRef = 2B6E0A751D584F74000A8C58 /* XMLYMineViewController.m */; };
		2B6E0A7C1D588481000A8C58 /* XMLYMacro.m in Sources */ = {isa = PBXBuildFile; fileRef = 2B6E0A7B1D588481000A8C58 /* XMLYMacro.m */; };
		2BCA2C241D5C7C6E00F99DB2 /* XMLYFindHotGuessModel.m in Sources */ = {isa = PBXBuildFile; fileRef = 2BCA2C231D5C7C6E00F99DB2 /* XMLYFindHotGuessModel.m */; };
		DE6862F7B22BC967779F6B89 /* libPods-XMLYFM.a in Frameworks */ = {isa = PBXBuildFile; fileRef = 74D832EE11D9F3816A4F52F6 /* libPods-XMLYFM.a */; };
/* End PBXBuildFile section */

/* Begin PBXContainerItemProxy section */
		2B6E09F81D58367D000A8C58 /* PBXContainerItemProxy */ = {
			isa = PBXContainerItemProxy;
			containerPortal = 2B6E09D61D58367D000A8C58 /* Project object */;
			proxyType = 1;
			remoteGlobalIDString = 2B6E09DD1D58367D000A8C58;
			remoteInfo = XMLYFM;
		};
		2B6E0A031D58367D000A8C58 /* PBXContainerItemProxy */ = {
			isa = PBXContainerItemProxy;
			containerPortal = 2B6E09D61D58367D000A8C58 /* Project object */;
			proxyType = 1;
			remoteGlobalIDString = 2B6E09DD1D58367D000A8C58;
			remoteInfo = XMLYFM;
		};
/* End PBXContainerItemProxy section */

/* Begin PBXFileReference section */
		2B1DF38D1D5D691700C8BC7F /* XMLYFindCellStyleFee.h */ = {isa = PBXFileReference; fileEncoding = 4; lastKnownFileType = sourcecode.c.h; path = XMLYFindCellStyleFee.h; sourceTree = "<group>"; };
		2B1DF38E1D5D691700C8BC7F /* XMLYFindCellStyleFee.m */ = {isa = PBXFileReference; fileEncoding = 4; lastKnownFileType = sourcecode.c.objc; path = XMLYFindCellStyleFee.m; sourceTree = "<group>"; };
		2B1DF38F1D5D691700C8BC7F /* XMLYFindCellStyleFee.xib */ = {isa = PBXFileReference; fileEncoding = 4; lastKnownFileType = file.xib; path = XMLYFindCellStyleFee.xib; sourceTree = "<group>"; };
		2B1DF3921D5D693000C8BC7F /* XMLYFindBaseCell.h */ = {isa = PBXFileReference; fileEncoding = 4; lastKnownFileType = sourcecode.c.h; path = XMLYFindBaseCell.h; sourceTree = "<group>"; };
		2B1DF3931D5D693000C8BC7F /* XMLYFindBaseCell.m */ = {isa = PBXFileReference; fileEncoding = 4; lastKnownFileType = sourcecode.c.objc; path = XMLYFindBaseCell.m; sourceTree = "<group>"; };
		2B1DF3961D5D69BC00C8BC7F /* XMLYFindCellFactory.h */ = {isa = PBXFileReference; fileEncoding = 4; lastKnownFileType = sourcecode.c.h; path = XMLYFindCellFactory.h; sourceTree = "<group>"; };
		2B1DF3971D5D69BC00C8BC7F /* XMLYFindCellFactory.m */ = {isa = PBXFileReference; fileEncoding = 4; lastKnownFileType = sourcecode.c.objc; path = XMLYFindCellFactory.m; sourceTree = "<group>"; };
		2B1DF39B1D5D6E5E00C8BC7F /* XMLYFindCellStyleLive.h */ = {isa = PBXFileReference; fileEncoding = 4; lastKnownFileType = sourcecode.c.h; path = XMLYFindCellStyleLive.h; sourceTree = "<group>"; };
		2B1DF39C1D5D6E5E00C8BC7F /* XMLYFindCellStyleLive.m */ = {isa = PBXFileReference; fileEncoding = 4; lastKnownFileType = sourcecode.c.objc; path = XMLYFindCellStyleLive.m; sourceTree = "<group>"; };
		2B1DF39D1D5D6E5E00C8BC7F /* XMLYFindCellStyleLive.xib */ = {isa = PBXFileReference; fileEncoding = 4; lastKnownFileType = file.xib; path = XMLYFindCellStyleLive.xib; sourceTree = "<group>"; };
		2B1DF3A21D5D782100C8BC7F /* XMLYFindCellStyleSpecial.h */ = {isa = PBXFileReference; fileEncoding = 4; lastKnownFileType = sourcecode.c.h; path = XMLYFindCellStyleSpecial.h; sourceTree = "<group>"; };
		2B1DF3A31D5D782100C8BC7F /* XMLYFindCellStyleSpecial.m */ = {isa = PBXFileReference; fileEncoding = 4; lastKnownFileType = sourcecode.c.objc; path = XMLYFindCellStyleSpecial.m; sourceTree = "<group>"; };
		2B1DF3A41D5D782100C8BC7F /* XMLYFindCellStyleSpecial.xib */ = {isa = PBXFileReference; fileEncoding = 4; lastKnownFileType = file.xib; path = XMLYFindCellStyleSpecial.xib; sourceTree = "<group>"; };
		2B1DF3A81D5D825100C8BC7F /* XMLYFindCellStyleMore.h */ = {isa = PBXFileReference; fileEncoding = 4; lastKnownFileType = sourcecode.c.h; path = XMLYFindCellStyleMore.h; sourceTree = "<group>"; };
		2B1DF3A91D5D825100C8BC7F /* XMLYFindCellStyleMore.m */ = {isa = PBXFileReference; fileEncoding = 4; lastKnownFileType = sourcecode.c.objc; path = XMLYFindCellStyleMore.m; sourceTree = "<group>"; };
		2B1DF3AA1D5D825100C8BC7F /* XMLYFindCellStyleMore.xib */ = {isa = PBXFileReference; fileEncoding = 4; lastKnownFileType = file.xib; path = XMLYFindCellStyleMore.xib; sourceTree = "<group>"; };
		2B1DF3AE1D5DA40F00C8BC7F /* XMLYFindRecommendHelper.h */ = {isa = PBXFileReference; fileEncoding = 4; lastKnownFileType = sourcecode.c.h; path = XMLYFindRecommendHelper.h; sourceTree = "<group>"; };
		2B1DF3AF1D5DA40F00C8BC7F /* XMLYFindRecommendHelper.m */ = {isa = PBXFileReference; fileEncoding = 4; lastKnownFileType = sourcecode.c.objc; path = XMLYFindRecommendHelper.m; sourceTree = "<group>"; };
		2B1DF3B11D5DA63300C8BC7F /* XMLYNotification.h */ = {isa = PBXFileReference; fileEncoding = 4; lastKnownFileType = sourcecode.c.h; path = XMLYNotification.h; sourceTree = "<group>"; };
		2B1DF3B21D5DA63300C8BC7F /* XMLYNotification.m */ = {isa = PBXFileReference; fileEncoding = 4; lastKnownFileType = sourcecode.c.objc; path = XMLYNotification.m; sourceTree = "<group>"; };
		2B1DF3B51D5DB8AE00C8BC7F /* XMLYFindRecomHeader.h */ = {isa = PBXFileReference; fileEncoding = 4; lastKnownFileType = sourcecode.c.h; path = XMLYFindRecomHeader.h; sourceTree = "<group>"; };
		2B1DF3B61D5DB8AE00C8BC7F /* XMLYFindRecomHeader.m */ = {isa = PBXFileReference; fileEncoding = 4; lastKnownFileType = sourcecode.c.objc; path = XMLYFindRecomHeader.m; sourceTree = "<group>"; };
		2B1DF3BA1D5DBA5200C8BC7F /* XMLYFindRecomHeader.xib */ = {isa = PBXFileReference; fileEncoding = 4; lastKnownFileType = file.xib; path = XMLYFindRecomHeader.xib; sourceTree = "<group>"; };
		2B1DF3C01D5DBF0A00C8BC7F /* UIView+Extension.h */ = {isa = PBXFileReference; fileEncoding = 4; lastKnownFileType = sourcecode.c.h; path = "UIView+Extension.h"; sourceTree = "<group>"; };
		2B1DF3C11D5DBF0A00C8BC7F /* UIView+Extension.m */ = {isa = PBXFileReference; fileEncoding = 4; lastKnownFileType = sourcecode.c.objc; path = "UIView+Extension.m"; sourceTree = "<group>"; };
		2B1DF3C41D5DCC2100C8BC7F /* XMLYHeaderIconView.h */ = {isa = PBXFileReference; fileEncoding = 4; lastKnownFileType = sourcecode.c.h; path = XMLYHeaderIconView.h; sourceTree = "<group>"; };
		2B1DF3C51D5DCC2100C8BC7F /* XMLYHeaderIconView.m */ = {isa = PBXFileReference; fileEncoding = 4; lastKnownFileType = sourcecode.c.objc; path = XMLYHeaderIconView.m; sourceTree = "<group>"; };
		2B1DF3C71D5DCC3500C8BC7F /* XMLYHeaderIconView.xib */ = {isa = PBXFileReference; fileEncoding = 4; lastKnownFileType = file.xib; path = XMLYHeaderIconView.xib; sourceTree = "<group>"; };
		2B1DF3CA1D5DD6BE00C8BC7F /* XMLYCategoryAPI.h */ = {isa = PBXFileReference; fileEncoding = 4; lastKnownFileType = sourcecode.c.h; path = XMLYCategoryAPI.h; sourceTree = "<group>"; };
		2B1DF3CB1D5DD6BE00C8BC7F /* XMLYCategoryAPI.m */ = {isa = PBXFileReference; fileEncoding = 4; lastKnownFileType = sourcecode.c.objc; path = XMLYCategoryAPI.m; sourceTree = "<group>"; };
		2B1DF3CD1D5DDDC100C8BC7F /* XMLYSubScribeNavView.h */ = {isa = PBXFileReference; fileEncoding = 4; lastKnownFileType = sourcecode.c.h; path = XMLYSubScribeNavView.h; sourceTree = "<group>"; };
		2B1DF3CE1D5DDDC100C8BC7F /* XMLYSubScribeNavView.m */ = {isa = PBXFileReference; fileEncoding = 4; lastKnownFileType = sourcecode.c.objc; path = XMLYSubScribeNavView.m; sourceTree = "<group>"; };
		2B331DD91D5AFFA50092AA75 /* XMLYFindRecommendController.h */ = {isa = PBXFileReference; fileEncoding = 4; lastKnownFileType = sourcecode.c.h; path = XMLYFindRecommendController.h; sourceTree = "<group>"; };
		2B331DDA1D5AFFA50092AA75 /* XMLYFindRecommendController.m */ = {isa = PBXFileReference; fileEncoding = 4; lastKnownFileType = sourcecode.c.objc; path = XMLYFindRecommendController.m; sourceTree = "<group>"; };
		2B331DDC1D5B00230092AA75 /* XMLYSubFindFactory.h */ = {isa = PBXFileReference; fileEncoding = 4; lastKnownFileType = sourcecode.c.h; path = XMLYSubFindFactory.h; sourceTree = "<group>"; };
		2B331DDD1D5B00230092AA75 /* XMLYSubFindFactory.m */ = {isa = PBXFileReference; fileEncoding = 4; lastKnownFileType = sourcecode.c.objc; path = XMLYSubFindFactory.m; sourceTree = "<group>"; };
		2B331DDF1D5B01C10092AA75 /* XMLYFindRankController.h */ = {isa = PBXFileReference; fileEncoding = 4; lastKnownFileType = sourcecode.c.h; path = XMLYFindRankController.h; sourceTree = "<group>"; };
		2B331DE01D5B01C10092AA75 /* XMLYFindRankController.m */ = {isa = PBXFileReference; fileEncoding = 4; lastKnownFileType = sourcecode.c.objc; path = XMLYFindRankController.m; sourceTree = "<group>"; };
		2B331DE21D5B01D50092AA75 /* XMLYFindRadioController.h */ = {isa = PBXFileReference; fileEncoding = 4; lastKnownFileType = sourcecode.c.h; path = XMLYFindRadioController.h; sourceTree = "<group>"; };
		2B331DE31D5B01D50092AA75 /* XMLYFindRadioController.m */ = {isa = PBXFileReference; fileEncoding = 4; lastKnownFileType = sourcecode.c.objc; path = XMLYFindRadioController.m; sourceTree = "<group>"; };
		2B331DE51D5B01E80092AA75 /* XMLYFindCategoryController.h */ = {isa = PBXFileReference; fileEncoding = 4; lastKnownFileType = sourcecode.c.h; path = XMLYFindCategoryController.h; sourceTree = "<group>"; };
		2B331DE61D5B01E80092AA75 /* XMLYFindCategoryController.m */ = {isa = PBXFileReference; fileEncoding = 4; lastKnownFileType = sourcecode.c.objc; path = XMLYFindCategoryController.m; sourceTree = "<group>"; };
		2B331DEB1D5B02440092AA75 /* XMLYFindAnchorController.h */ = {isa = PBXFileReference; fileEncoding = 4; lastKnownFileType = sourcecode.c.h; path = XMLYFindAnchorController.h; sourceTree = "<group>"; };
		2B331DEC1D5B02440092AA75 /* XMLYFindAnchorController.m */ = {isa = PBXFileReference; fileEncoding = 4; lastKnownFileType = sourcecode.c.objc; path = XMLYFindAnchorController.m; sourceTree = "<group>"; };
		2B331DEF1D5B08A70092AA75 /* XMLYFindBaseController.h */ = {isa = PBXFileReference; fileEncoding = 4; lastKnownFileType = sourcecode.c.h; path = XMLYFindBaseController.h; sourceTree = "<group>"; };
		2B331DF01D5B08A70092AA75 /* XMLYFindBaseController.m */ = {isa = PBXFileReference; fileEncoding = 4; lastKnownFileType = sourcecode.c.objc; path = XMLYFindBaseController.m; sourceTree = "<group>"; };
		2B331DF51D5B0DF50092AA75 /* XMLYFindRecomViewModel.h */ = {isa = PBXFileReference; fileEncoding = 4; lastKnownFileType = sourcecode.c.h; path = XMLYFindRecomViewModel.h; sourceTree = "<group>"; };
		2B331DF61D5B0DF50092AA75 /* XMLYFindRecomViewModel.m */ = {isa = PBXFileReference; fileEncoding = 4; lastKnownFileType = sourcecode.c.objc; path = XMLYFindRecomViewModel.m; sourceTree = "<group>"; };
		2B331DFD1D5B20E80092AA75 /* XMLYBaseModel.h */ = {isa = PBXFileReference; fileEncoding = 4; lastKnownFileType = sourcecode.c.h; path = XMLYBaseModel.h; sourceTree = "<group>"; };
		2B331DFE1D5B20E80092AA75 /* XMLYBaseModel.m */ = {isa = PBXFileReference; fileEncoding = 4; lastKnownFileType = sourcecode.c.objc; path = XMLYBaseModel.m; sourceTree = "<group>"; };
		2B331E001D5B21360092AA75 /* XMLYFindLiveModel.h */ = {isa = PBXFileReference; fileEncoding = 4; lastKnownFileType = sourcecode.c.h; path = XMLYFindLiveModel.h; sourceTree = "<group>"; };
		2B331E011D5B21360092AA75 /* XMLYFindLiveModel.m */ = {isa = PBXFileReference; fileEncoding = 4; lastKnownFileType = sourcecode.c.objc; path = XMLYFindLiveModel.m; sourceTree = "<group>"; };
		2B331E031D5B23EA0092AA75 /* XMLYFindRecommendModel.h */ = {isa = PBXFileReference; fileEncoding = 4; lastKnownFileType = sourcecode.c.h; path = XMLYFindRecommendModel.h; sourceTree = "<group>"; };
		2B331E041D5B23EB0092AA75 /* XMLYFindRecommendModel.m */ = {isa = PBXFileReference; fileEncoding = 4; lastKnownFileType = sourcecode.c.objc; path = XMLYFindRecommendModel.m; sourceTree = "<group>"; };
		2B4005C61D59769600605EFB /* XMLYFindSubTitleView.h */ = {isa = PBXFileReference; fileEncoding = 4; lastKnownFileType = sourcecode.c.h; path = XMLYFindSubTitleView.h; sourceTree = "<group>"; };
		2B4005C71D59769600605EFB /* XMLYFindSubTitleView.m */ = {isa = PBXFileReference; fileEncoding = 4; lastKnownFileType = sourcecode.c.objc; path = XMLYFindSubTitleView.m; sourceTree = "<group>"; };
		2B4005CE1D59887C00605EFB /* XMLYBaseController.h */ = {isa = PBXFileReference; fileEncoding = 4; lastKnownFileType = sourcecode.c.h; path = XMLYBaseController.h; sourceTree = "<group>"; };
		2B4005CF1D59887C00605EFB /* XMLYBaseController.m */ = {isa = PBXFileReference; fileEncoding = 4; lastKnownFileType = sourcecode.c.objc; path = XMLYBaseController.m; sourceTree = "<group>"; };
		2B4005D21D59889600605EFB /* XMLYBaseNavigationController.h */ = {isa = PBXFileReference; fileEncoding = 4; lastKnownFileType = sourcecode.c.h; path = XMLYBaseNavigationController.h; sourceTree = "<group>"; };
		2B4005D31D59889600605EFB /* XMLYBaseNavigationController.m */ = {isa = PBXFileReference; fileEncoding = 4; lastKnownFileType = sourcecode.c.objc; path = XMLYBaseNavigationController.m; sourceTree = "<group>"; };
		2B4005EE1D59E7F700605EFB /* XMLYBaseRequest.h */ = {isa = PBXFileReference; fileEncoding = 4; lastKnownFileType = sourcecode.c.h; path = XMLYBaseRequest.h; sourceTree = "<group>"; };
		2B4005EF1D59E7F700605EFB /* XMLYBaseRequest.m */ = {isa = PBXFileReference; fileEncoding = 4; lastKnownFileType = sourcecode.c.objc; path = XMLYBaseRequest.m; sourceTree = "<group>"; };
		2B4005F31D59ECE100605EFB /* XMLYBaseAPI.h */ = {isa = PBXFileReference; fileEncoding = 4; lastKnownFileType = sourcecode.c.h; path = XMLYBaseAPI.h; sourceTree = "<group>"; };
		2B4005F41D59ECE100605EFB /* XMLYBaseAPI.m */ = {isa = PBXFileReference; fileEncoding = 4; lastKnownFileType = sourcecode.c.objc; path = XMLYBaseAPI.m; sourceTree = "<group>"; };
		2B4005F61D59ED6600605EFB /* XMLYFindAPI.h */ = {isa = PBXFileReference; fileEncoding = 4; lastKnownFileType = sourcecode.c.h; path = XMLYFindAPI.h; sourceTree = "<group>"; };
		2B4005F71D59ED6600605EFB /* XMLYFindAPI.m */ = {isa = PBXFileReference; fileEncoding = 4; lastKnownFileType = sourcecode.c.objc; path = XMLYFindAPI.m; sourceTree = "<group>"; };
		2B4B0C531D7FCA93009190D1 /* XMLYFindCategoryViewModel.h */ = {isa = PBXFileReference; fileEncoding = 4; lastKnownFileType = sourcecode.c.h; path = XMLYFindCategoryViewModel.h; sourceTree = "<group>"; };
		2B4B0C541D7FCA93009190D1 /* XMLYFindCategoryViewModel.m */ = {isa = PBXFileReference; fileEncoding = 4; lastKnownFileType = sourcecode.c.objc; path = XMLYFindCategoryViewModel.m; sourceTree = "<group>"; };
		2B4B0C561D7FCB22009190D1 /* XMLYCategoryModel.h */ = {isa = PBXFileReference; fileEncoding = 4; lastKnownFileType = sourcecode.c.h; path = XMLYCategoryModel.h; sourceTree = "<group>"; };
		2B4B0C571D7FCB22009190D1 /* XMLYCategoryModel.m */ = {isa = PBXFileReference; fileEncoding = 4; lastKnownFileType = sourcecode.c.objc; path = XMLYCategoryModel.m; sourceTree = "<group>"; };
		2B4B0C5A1D7FE8A4009190D1 /* NSObject+XRModel.h */ = {isa = PBXFileReference; fileEncoding = 4; lastKnownFileType = sourcecode.c.h; path = "NSObject+XRModel.h"; sourceTree = "<group>"; };
		2B4B0C5B1D7FE8A4009190D1 /* NSObject+XRModel.m */ = {isa = PBXFileReference; fileEncoding = 4; lastKnownFileType = sourcecode.c.objc; path = "NSObject+XRModel.m"; sourceTree = "<group>"; };
		2B4B0C5C1D7FE8A4009190D1 /* XRClassInfo.h */ = {isa = PBXFileReference; fileEncoding = 4; lastKnownFileType = sourcecode.c.h; path = XRClassInfo.h; sourceTree = "<group>"; };
		2B4B0C5D1D7FE8A4009190D1 /* XRClassInfo.m */ = {isa = PBXFileReference; fileEncoding = 4; lastKnownFileType = sourcecode.c.objc; path = XRClassInfo.m; sourceTree = "<group>"; };
		2B4B0C5E1D7FE8A4009190D1 /* XRModel.h */ = {isa = PBXFileReference; fileEncoding = 4; lastKnownFileType = sourcecode.c.h; path = XRModel.h; sourceTree = "<group>"; };
		2B4B0C611D7FED36009190D1 /* XMLYCategoryFooterModel.h */ = {isa = PBXFileReference; fileEncoding = 4; lastKnownFileType = sourcecode.c.h; path = XMLYCategoryFooterModel.h; sourceTree = "<group>"; };
		2B4B0C621D7FED36009190D1 /* XMLYCategoryFooterModel.m */ = {isa = PBXFileReference; fileEncoding = 4; lastKnownFileType = sourcecode.c.objc; path = XMLYCategoryFooterModel.m; sourceTree = "<group>"; };
		2B4B0C641D7FF0BB009190D1 /* XMLYFindCategoryCell.h */ = {isa = PBXFileReference; fileEncoding = 4; lastKnownFileType = sourcecode.c.h; path = XMLYFindCategoryCell.h; sourceTree = "<group>"; };
		2B4B0C651D7FF0BB009190D1 /* XMLYFindCategoryCell.m */ = {isa = PBXFileReference; fileEncoding = 4; lastKnownFileType = sourcecode.c.objc; path = XMLYFindCategoryCell.m; sourceTree = "<group>"; };
		2B4B0C661D7FF0BB009190D1 /* XMLYFindCategoryCell.xib */ = {isa = PBXFileReference; fileEncoding = 4; lastKnownFileType = file.xib; path = XMLYFindCategoryCell.xib; sourceTree = "<group>"; };
		2B4B0C6D1D800627009190D1 /* XMLYFindRadioViewModel.h */ = {isa = PBXFileReference; fileEncoding = 4; lastKnownFileType = sourcecode.c.h; path = XMLYFindRadioViewModel.h; sourceTree = "<group>"; };
		2B4B0C6E1D800627009190D1 /* XMLYFindRadioViewModel.m */ = {isa = PBXFileReference; fileEncoding = 4; lastKnownFileType = sourcecode.c.objc; path = XMLYFindRadioViewModel.m; sourceTree = "<group>"; };
		2B6E09DE1D58367D000A8C58 /* XMLYFM.app */ = {isa = PBXFileReference; explicitFileType = wrapper.application; includeInIndex = 0; path = XMLYFM.app; sourceTree = BUILT_PRODUCTS_DIR; };
		2B6E09E21D58367D000A8C58 /* main.m */ = {isa = PBXFileReference; lastKnownFileType = sourcecode.c.objc; path = main.m; sourceTree = "<group>"; };
		2B6E09F21D58367D000A8C58 /* Info.plist */ = {isa = PBXFileReference; lastKnownFileType = text.plist.xml; path = Info.plist; sourceTree = "<group>"; };
		2B6E09F71D58367D000A8C58 /* XMLYFMTests.xctest */ = {isa = PBXFileReference; explicitFileType = wrapper.cfbundle; includeInIndex = 0; path = XMLYFMTests.xctest; sourceTree = BUILT_PRODUCTS_DIR; };
		2B6E09FB1D58367D000A8C58 /* XMLYFMTests.m */ = {isa = PBXFileReference; lastKnownFileType = sourcecode.c.objc; path = XMLYFMTests.m; sourceTree = "<group>"; };
		2B6E09FD1D58367D000A8C58 /* Info.plist */ = {isa = PBXFileReference; lastKnownFileType = text.plist.xml; path = Info.plist; sourceTree = "<group>"; };
		2B6E0A021D58367D000A8C58 /* XMLYFMUITests.xctest */ = {isa = PBXFileReference; explicitFileType = wrapper.cfbundle; includeInIndex = 0; path = XMLYFMUITests.xctest; sourceTree = BUILT_PRODUCTS_DIR; };
		2B6E0A061D58367D000A8C58 /* XMLYFMUITests.m */ = {isa = PBXFileReference; lastKnownFileType = sourcecode.c.objc; path = XMLYFMUITests.m; sourceTree = "<group>"; };
		2B6E0A081D58367D000A8C58 /* Info.plist */ = {isa = PBXFileReference; lastKnownFileType = text.plist.xml; path = Info.plist; sourceTree = "<group>"; };
		2B6E0A351D58402A000A8C58 /* AppDelegate.h */ = {isa = PBXFileReference; fileEncoding = 4; lastKnownFileType = sourcecode.c.h; path = AppDelegate.h; sourceTree = "<group>"; };
		2B6E0A361D58402A000A8C58 /* AppDelegate.m */ = {isa = PBXFileReference; fileEncoding = 4; lastKnownFileType = sourcecode.c.objc; path = AppDelegate.m; sourceTree = "<group>"; };
		2B6E0A3B1D584062000A8C58 /* Assets.xcassets */ = {isa = PBXFileReference; lastKnownFileType = folder.assetcatalog; path = Assets.xcassets; sourceTree = "<group>"; };
		2B6E0A451D584577000A8C58 /* Root.storyboard */ = {isa = PBXFileReference; fileEncoding = 4; lastKnownFileType = file.storyboard; path = Root.storyboard; sourceTree = "<group>"; };
		2B6E0A471D5845CF000A8C58 /* XMLYRootViewController.h */ = {isa = PBXFileReference; fileEncoding = 4; lastKnownFileType = sourcecode.c.h; path = XMLYRootViewController.h; sourceTree = "<group>"; };
		2B6E0A481D5845CF000A8C58 /* XMLYRootViewController.m */ = {isa = PBXFileReference; fileEncoding = 4; lastKnownFileType = sourcecode.c.objc; path = XMLYRootViewController.m; sourceTree = "<group>"; };
		2B6E0A4E1D58471C000A8C58 /* Find.storyboard */ = {isa = PBXFileReference; fileEncoding = 4; lastKnownFileType = file.storyboard; path = Find.storyboard; sourceTree = "<group>"; };
		2B6E0A501D584BA1000A8C58 /* XMLYFindViewController.h */ = {isa = PBXFileReference; fileEncoding = 4; lastKnownFileType = sourcecode.c.h; path = XMLYFindViewController.h; sourceTree = "<group>"; };
		2B6E0A511D584BA1000A8C58 /* XMLYFindViewController.m */ = {isa = PBXFileReference; fileEncoding = 4; lastKnownFileType = sourcecode.c.objc; path = XMLYFindViewController.m; sourceTree = "<group>"; };
		2B6E0A571D584BF6000A8C58 /* SubScribe.storyboard */ = {isa = PBXFileReference; fileEncoding = 4; lastKnownFileType = file.storyboard; path = SubScribe.storyboard; sourceTree = "<group>"; };
		2B6E0A591D584C6C000A8C58 /* XMLYSubScribeViewController.h */ = {isa = PBXFileReference; fileEncoding = 4; lastKnownFileType = sourcecode.c.h; path = XMLYSubScribeViewController.h; sourceTree = "<group>"; };
		2B6E0A5A1D584C6C000A8C58 /* XMLYSubScribeViewController.m */ = {isa = PBXFileReference; fileEncoding = 4; lastKnownFileType = sourcecode.c.objc; path = XMLYSubScribeViewController.m; sourceTree = "<group>"; };
		2B6E0A601D584D46000A8C58 /* Play.storyboard */ = {isa = PBXFileReference; fileEncoding = 4; lastKnownFileType = file.storyboard; path = Play.storyboard; sourceTree = "<group>"; };
		2B6E0A621D584E2A000A8C58 /* XMLYPlayViewController.h */ = {isa = PBXFileReference; fileEncoding = 4; lastKnownFileType = sourcecode.c.h; path = XMLYPlayViewController.h; sourceTree = "<group>"; };
		2B6E0A631D584E2A000A8C58 /* XMLYPlayViewController.m */ = {isa = PBXFileReference; fileEncoding = 4; lastKnownFileType = sourcecode.c.objc; path = XMLYPlayViewController.m; sourceTree = "<group>"; };
		2B6E0A6D1D584EC4000A8C58 /* DownLoad.storyboard */ = {isa = PBXFileReference; fileEncoding = 4; lastKnownFileType = file.storyboard; path = DownLoad.storyboard; sourceTree = "<group>"; };
		2B6E0A6F1D584F19000A8C58 /* XMLYDownLoadViewController.h */ = {isa = PBXFileReference; fileEncoding = 4; lastKnownFileType = sourcecode.c.h; path = XMLYDownLoadViewController.h; sourceTree = "<group>"; };
		2B6E0A701D584F19000A8C58 /* XMLYDownLoadViewController.m */ = {isa = PBXFileReference; fileEncoding = 4; lastKnownFileType = sourcecode.c.objc; path = XMLYDownLoadViewController.m; sourceTree = "<group>"; };
		2B6E0A721D584F30000A8C58 /* Mine.storyboard */ = {isa = PBXFileReference; fileEncoding = 4; lastKnownFileType = file.storyboard; path = Mine.storyboard; sourceTree = "<group>"; };
		2B6E0A741D584F74000A8C58 /* XMLYMineViewController.h */ = {isa = PBXFileReference; fileEncoding = 4; lastKnownFileType = sourcecode.c.h; path = XMLYMineViewController.h; sourceTree = "<group>"; };
		2B6E0A751D584F74000A8C58 /* XMLYMineViewController.m */ = {isa = PBXFileReference; fileEncoding = 4; lastKnownFileType = sourcecode.c.objc; path = XMLYMineViewController.m; sourceTree = "<group>"; };
		2B6E0A7A1D588481000A8C58 /* XMLYMacro.h */ = {isa = PBXFileReference; fileEncoding = 4; lastKnownFileType = sourcecode.c.h; path = XMLYMacro.h; sourceTree = "<group>"; };
		2B6E0A7B1D588481000A8C58 /* XMLYMacro.m */ = {isa = PBXFileReference; fileEncoding = 4; lastKnownFileType = sourcecode.c.objc; path = XMLYMacro.m; sourceTree = "<group>"; };
		2B6E0A7E1D588957000A8C58 /* XMLYFM-Prefix.pch */ = {isa = PBXFileReference; lastKnownFileType = sourcecode.c.h; path = "XMLYFM-Prefix.pch"; sourceTree = "<group>"; };
		2BCA2C221D5C7C6E00F99DB2 /* XMLYFindHotGuessModel.h */ = {isa = PBXFileReference; fileEncoding = 4; lastKnownFileType = sourcecode.c.h; path = XMLYFindHotGuessModel.h; sourceTree = "<group>"; };
		2BCA2C231D5C7C6E00F99DB2 /* XMLYFindHotGuessModel.m */ = {isa = PBXFileReference; fileEncoding = 4; lastKnownFileType = sourcecode.c.objc; path = XMLYFindHotGuessModel.m; sourceTree = "<group>"; };
		74D832EE11D9F3816A4F52F6 /* libPods-XMLYFM.a */ = {isa = PBXFileReference; explicitFileType = archive.ar; includeInIndex = 0; path = "libPods-XMLYFM.a"; sourceTree = BUILT_PRODUCTS_DIR; };
		8B7040AA7CAB90D071FCA8D3 /* Pods-XMLYFM.release.xcconfig */ = {isa = PBXFileReference; includeInIndex = 1; lastKnownFileType = text.xcconfig; name = "Pods-XMLYFM.release.xcconfig"; path = "Pods/Target Support Files/Pods-XMLYFM/Pods-XMLYFM.release.xcconfig"; sourceTree = "<group>"; };
		D0485ABDEC5652D66D70C0F1 /* Pods-XMLYFM.debug.xcconfig */ = {isa = PBXFileReference; includeInIndex = 1; lastKnownFileType = text.xcconfig; name = "Pods-XMLYFM.debug.xcconfig"; path = "Pods/Target Support Files/Pods-XMLYFM/Pods-XMLYFM.debug.xcconfig"; sourceTree = "<group>"; };
/* End PBXFileReference section */

/* Begin PBXFrameworksBuildPhase section */
		2B6E09DB1D58367D000A8C58 /* Frameworks */ = {
			isa = PBXFrameworksBuildPhase;
			buildActionMask = 2147483647;
			files = (
				DE6862F7B22BC967779F6B89 /* libPods-XMLYFM.a in Frameworks */,
			);
			runOnlyForDeploymentPostprocessing = 0;
		};
		2B6E09F41D58367D000A8C58 /* Frameworks */ = {
			isa = PBXFrameworksBuildPhase;
			buildActionMask = 2147483647;
			files = (
			);
			runOnlyForDeploymentPostprocessing = 0;
		};
		2B6E09FF1D58367D000A8C58 /* Frameworks */ = {
			isa = PBXFrameworksBuildPhase;
			buildActionMask = 2147483647;
			files = (
			);
			runOnlyForDeploymentPostprocessing = 0;
		};
/* End PBXFrameworksBuildPhase section */

/* Begin PBXGroup section */
		2B1DF38B1D5D68E800C8BC7F /* XMLYFindBaseCell */ = {
			isa = PBXGroup;
			children = (
				2B1DF3921D5D693000C8BC7F /* XMLYFindBaseCell.h */,
				2B1DF3931D5D693000C8BC7F /* XMLYFindBaseCell.m */,
			);
			path = XMLYFindBaseCell;
			sourceTree = "<group>";
		};
		2B1DF38C1D5D691700C8BC7F /* XMLYFindCellStyleFee */ = {
			isa = PBXGroup;
			children = (
				2B1DF38D1D5D691700C8BC7F /* XMLYFindCellStyleFee.h */,
				2B1DF38E1D5D691700C8BC7F /* XMLYFindCellStyleFee.m */,
				2B1DF38F1D5D691700C8BC7F /* XMLYFindCellStyleFee.xib */,
			);
			path = XMLYFindCellStyleFee;
			sourceTree = "<group>";
		};
		2B1DF3951D5D69A400C8BC7F /* XMLYFindCellFactory */ = {
			isa = PBXGroup;
			children = (
				2B1DF3961D5D69BC00C8BC7F /* XMLYFindCellFactory.h */,
				2B1DF3971D5D69BC00C8BC7F /* XMLYFindCellFactory.m */,
			);
			path = XMLYFindCellFactory;
			sourceTree = "<group>";
		};
		2B1DF39A1D5D6E2600C8BC7F /* XMLYFindCellStyleLive */ = {
			isa = PBXGroup;
			children = (
				2B1DF39B1D5D6E5E00C8BC7F /* XMLYFindCellStyleLive.h */,
				2B1DF39C1D5D6E5E00C8BC7F /* XMLYFindCellStyleLive.m */,
				2B1DF39D1D5D6E5E00C8BC7F /* XMLYFindCellStyleLive.xib */,
			);
			path = XMLYFindCellStyleLive;
			sourceTree = "<group>";
		};
		2B1DF3A11D5D77E600C8BC7F /* XMLYFindCellStyleSpecial */ = {
			isa = PBXGroup;
			children = (
				2B1DF3A21D5D782100C8BC7F /* XMLYFindCellStyleSpecial.h */,
				2B1DF3A31D5D782100C8BC7F /* XMLYFindCellStyleSpecial.m */,
				2B1DF3A41D5D782100C8BC7F /* XMLYFindCellStyleSpecial.xib */,
			);
			path = XMLYFindCellStyleSpecial;
			sourceTree = "<group>";
		};
		2B1DF3A71D5D822C00C8BC7F /* XMLYFindCellStyleMore */ = {
			isa = PBXGroup;
			children = (
				2B1DF3A81D5D825100C8BC7F /* XMLYFindCellStyleMore.h */,
				2B1DF3A91D5D825100C8BC7F /* XMLYFindCellStyleMore.m */,
				2B1DF3AA1D5D825100C8BC7F /* XMLYFindCellStyleMore.xib */,
			);
			path = XMLYFindCellStyleMore;
			sourceTree = "<group>";
		};
		2B1DF3AD1D5DA3F500C8BC7F /* Helper */ = {
			isa = PBXGroup;
			children = (
				2B1DF3AE1D5DA40F00C8BC7F /* XMLYFindRecommendHelper.h */,
				2B1DF3AF1D5DA40F00C8BC7F /* XMLYFindRecommendHelper.m */,
			);
			path = Helper;
			sourceTree = "<group>";
		};
		2B1DF3B41D5DB89900C8BC7F /* XMLYFindRecommendHeader */ = {
			isa = PBXGroup;
			children = (
				2B1DF3C31D5DCC0000C8BC7F /* XMLYFindHeaderIconView */,
				2B1DF3B51D5DB8AE00C8BC7F /* XMLYFindRecomHeader.h */,
				2B1DF3B61D5DB8AE00C8BC7F /* XMLYFindRecomHeader.m */,
				2B1DF3BA1D5DBA5200C8BC7F /* XMLYFindRecomHeader.xib */,
			);
			path = XMLYFindRecommendHeader;
			sourceTree = "<group>";
		};
		2B1DF3BC1D5DBED100C8BC7F /* XMLYExtension */ = {
			isa = PBXGroup;
			children = (
				2B1DF3BD1D5DBED100C8BC7F /* XMLYFundationExtension */,
				2B1DF3BE1D5DBED100C8BC7F /* XMLYUIKitExtension */,
			);
			path = XMLYExtension;
			sourceTree = "<group>";
		};
		2B1DF3BD1D5DBED100C8BC7F /* XMLYFundationExtension */ = {
			isa = PBXGroup;
			children = (
			);
			path = XMLYFundationExtension;
			sourceTree = "<group>";
		};
		2B1DF3BE1D5DBED100C8BC7F /* XMLYUIKitExtension */ = {
			isa = PBXGroup;
			children = (
				2B1DF3C01D5DBF0A00C8BC7F /* UIView+Extension.h */,
				2B1DF3C11D5DBF0A00C8BC7F /* UIView+Extension.m */,
			);
			path = XMLYUIKitExtension;
			sourceTree = "<group>";
		};
		2B1DF3C31D5DCC0000C8BC7F /* XMLYFindHeaderIconView */ = {
			isa = PBXGroup;
			children = (
				2B1DF3C41D5DCC2100C8BC7F /* XMLYHeaderIconView.h */,
				2B1DF3C51D5DCC2100C8BC7F /* XMLYHeaderIconView.m */,
				2B1DF3C71D5DCC3500C8BC7F /* XMLYHeaderIconView.xib */,
			);
			path = XMLYFindHeaderIconView;
			sourceTree = "<group>";
		};
		2B1DF3C91D5DD69F00C8BC7F /* XMLYCateAPI */ = {
			isa = PBXGroup;
			children = (
				2B1DF3CA1D5DD6BE00C8BC7F /* XMLYCategoryAPI.h */,
				2B1DF3CB1D5DD6BE00C8BC7F /* XMLYCategoryAPI.m */,
			);
			path = XMLYCateAPI;
			sourceTree = "<group>";
		};
		2B331DD41D5AFF750092AA75 /* AnchorController */ = {
			isa = PBXGroup;
			children = (
				2B331DEB1D5B02440092AA75 /* XMLYFindAnchorController.h */,
				2B331DEC1D5B02440092AA75 /* XMLYFindAnchorController.m */,
			);
			path = AnchorController;
			sourceTree = "<group>";
		};
		2B331DD51D5AFF750092AA75 /* CategoryController */ = {
			isa = PBXGroup;
			children = (
				2B331DE51D5B01E80092AA75 /* XMLYFindCategoryController.h */,
				2B331DE61D5B01E80092AA75 /* XMLYFindCategoryController.m */,
				2B4B0C4F1D7FCA28009190D1 /* Helper */,
				2B4B0C501D7FCA28009190D1 /* Model */,
				2B4B0C511D7FCA28009190D1 /* View */,
				2B4B0C521D7FCA28009190D1 /* ViewModel */,
			);
			path = CategoryController;
			sourceTree = "<group>";
		};
		2B331DD61D5AFF750092AA75 /* RadioController */ = {
			isa = PBXGroup;
			children = (
				2B331DE21D5B01D50092AA75 /* XMLYFindRadioController.h */,
				2B331DE31D5B01D50092AA75 /* XMLYFindRadioController.m */,
				2B4B0C691D800577009190D1 /* Helper */,
				2B4B0C6A1D800577009190D1 /* Model */,
				2B4B0C6B1D800577009190D1 /* View */,
				2B4B0C6C1D800577009190D1 /* ViewModel */,
			);
			path = RadioController;
			sourceTree = "<group>";
		};
		2B331DD71D5AFF750092AA75 /* RankController */ = {
			isa = PBXGroup;
			children = (
				2B331DDF1D5B01C10092AA75 /* XMLYFindRankController.h */,
				2B331DE01D5B01C10092AA75 /* XMLYFindRankController.m */,
			);
			path = RankController;
			sourceTree = "<group>";
		};
		2B331DD81D5AFF750092AA75 /* RecommendControlller */ = {
			isa = PBXGroup;
			children = (
				2B331DD91D5AFFA50092AA75 /* XMLYFindRecommendController.h */,
				2B331DDA1D5AFFA50092AA75 /* XMLYFindRecommendController.m */,
				2B331DF41D5B0D960092AA75 /* ViewModel */,
				2B331DF21D5B0D960092AA75 /* Model */,
				2B331DF31D5B0D960092AA75 /* View */,
				2B1DF3AD1D5DA3F500C8BC7F /* Helper */,
			);
			path = RecommendControlller;
			sourceTree = "<group>";
		};
		2B331DEE1D5B08830092AA75 /* FindBaseController */ = {
			isa = PBXGroup;
			children = (
				2B331DEF1D5B08A70092AA75 /* XMLYFindBaseController.h */,
				2B331DF01D5B08A70092AA75 /* XMLYFindBaseController.m */,
			);
			path = FindBaseController;
			sourceTree = "<group>";
		};
		2B331DF21D5B0D960092AA75 /* Model */ = {
			isa = PBXGroup;
			children = (
				2B331E001D5B21360092AA75 /* XMLYFindLiveModel.h */,
				2B331E011D5B21360092AA75 /* XMLYFindLiveModel.m */,
				2B331E031D5B23EA0092AA75 /* XMLYFindRecommendModel.h */,
				2B331E041D5B23EB0092AA75 /* XMLYFindRecommendModel.m */,
				2BCA2C221D5C7C6E00F99DB2 /* XMLYFindHotGuessModel.h */,
				2BCA2C231D5C7C6E00F99DB2 /* XMLYFindHotGuessModel.m */,
			);
			path = Model;
			sourceTree = "<group>";
		};
		2B331DF31D5B0D960092AA75 /* View */ = {
			isa = PBXGroup;
			children = (
				2B1DF3B41D5DB89900C8BC7F /* XMLYFindRecommendHeader */,
				2B1DF3951D5D69A400C8BC7F /* XMLYFindCellFactory */,
				2B1DF38B1D5D68E800C8BC7F /* XMLYFindBaseCell */,
				2B1DF38C1D5D691700C8BC7F /* XMLYFindCellStyleFee */,
				2B1DF39A1D5D6E2600C8BC7F /* XMLYFindCellStyleLive */,
				2B1DF3A11D5D77E600C8BC7F /* XMLYFindCellStyleSpecial */,
				2B1DF3A71D5D822C00C8BC7F /* XMLYFindCellStyleMore */,
			);
			path = View;
			sourceTree = "<group>";
		};
		2B331DF41D5B0D960092AA75 /* ViewModel */ = {
			isa = PBXGroup;
			children = (
				2B331DF51D5B0DF50092AA75 /* XMLYFindRecomViewModel.h */,
				2B331DF61D5B0DF50092AA75 /* XMLYFindRecomViewModel.m */,
			);
			path = ViewModel;
			sourceTree = "<group>";
		};
		2B331DFC1D5B20D90092AA75 /* XMLYBase */ = {
			isa = PBXGroup;
			children = (
				2B331DFD1D5B20E80092AA75 /* XMLYBaseModel.h */,
				2B331DFE1D5B20E80092AA75 /* XMLYBaseModel.m */,
			);
			path = XMLYBase;
			sourceTree = "<group>";
		};
		2B4005C51D59767B00605EFB /* SubTitleView */ = {
			isa = PBXGroup;
			children = (
				2B4005C61D59769600605EFB /* XMLYFindSubTitleView.h */,
				2B4005C71D59769600605EFB /* XMLYFindSubTitleView.m */,
			);
			path = SubTitleView;
			sourceTree = "<group>";
		};
		2B4005C91D59875600605EFB /* XMLYCommenUI */ = {
			isa = PBXGroup;
			children = (
				2B4005CD1D59887C00605EFB /* BaseController */,
				2B4005D01D59887C00605EFB /* BaseNavigationController */,
			);
			path = XMLYCommenUI;
			sourceTree = "<group>";
		};
		2B4005CD1D59887C00605EFB /* BaseController */ = {
			isa = PBXGroup;
			children = (
				2B4005CE1D59887C00605EFB /* XMLYBaseController.h */,
				2B4005CF1D59887C00605EFB /* XMLYBaseController.m */,
			);
			path = BaseController;
			sourceTree = "<group>";
		};
		2B4005D01D59887C00605EFB /* BaseNavigationController */ = {
			isa = PBXGroup;
			children = (
				2B4005D21D59889600605EFB /* XMLYBaseNavigationController.h */,
				2B4005D31D59889600605EFB /* XMLYBaseNavigationController.m */,
			);
			path = BaseNavigationController;
			sourceTree = "<group>";
		};
		2B4005ED1D59E7E700605EFB /* HTTPBaseRequest */ = {
			isa = PBXGroup;
			children = (
				2B4005EE1D59E7F700605EFB /* XMLYBaseRequest.h */,
				2B4005EF1D59E7F700605EFB /* XMLYBaseRequest.m */,
			);
			path = HTTPBaseRequest;
			sourceTree = "<group>";
		};
		2B4005F11D59ECD500605EFB /* XMLYBaseAPI */ = {
			isa = PBXGroup;
			children = (
				2B4005F31D59ECE100605EFB /* XMLYBaseAPI.h */,
				2B4005F41D59ECE100605EFB /* XMLYBaseAPI.m */,
			);
			path = XMLYBaseAPI;
			sourceTree = "<group>";
		};
		2B4005F21D59ECD500605EFB /* XMLYFindAPI */ = {
			isa = PBXGroup;
			children = (
				2B4005F61D59ED6600605EFB /* XMLYFindAPI.h */,
				2B4005F71D59ED6600605EFB /* XMLYFindAPI.m */,
			);
			path = XMLYFindAPI;
			sourceTree = "<group>";
		};
		2B4B0C4F1D7FCA28009190D1 /* Helper */ = {
			isa = PBXGroup;
			children = (
			);
			path = Helper;
			sourceTree = "<group>";
		};
		2B4B0C501D7FCA28009190D1 /* Model */ = {
			isa = PBXGroup;
			children = (
				2B4B0C561D7FCB22009190D1 /* XMLYCategoryModel.h */,
				2B4B0C571D7FCB22009190D1 /* XMLYCategoryModel.m */,
				2B4B0C611D7FED36009190D1 /* XMLYCategoryFooterModel.h */,
				2B4B0C621D7FED36009190D1 /* XMLYCategoryFooterModel.m */,
			);
			path = Model;
			sourceTree = "<group>";
		};
		2B4B0C511D7FCA28009190D1 /* View */ = {
			isa = PBXGroup;
			children = (
				2B4B0C641D7FF0BB009190D1 /* XMLYFindCategoryCell.h */,
				2B4B0C651D7FF0BB009190D1 /* XMLYFindCategoryCell.m */,
				2B4B0C661D7FF0BB009190D1 /* XMLYFindCategoryCell.xib */,
			);
			path = View;
			sourceTree = "<group>";
		};
		2B4B0C521D7FCA28009190D1 /* ViewModel */ = {
			isa = PBXGroup;
			children = (
				2B4B0C531D7FCA93009190D1 /* XMLYFindCategoryViewModel.h */,
				2B4B0C541D7FCA93009190D1 /* XMLYFindCategoryViewModel.m */,
			);
			path = ViewModel;
			sourceTree = "<group>";
		};
		2B4B0C591D7FE8A4009190D1 /* XRModel */ = {
			isa = PBXGroup;
			children = (
				2B4B0C5A1D7FE8A4009190D1 /* NSObject+XRModel.h */,
				2B4B0C5B1D7FE8A4009190D1 /* NSObject+XRModel.m */,
				2B4B0C5C1D7FE8A4009190D1 /* XRClassInfo.h */,
				2B4B0C5D1D7FE8A4009190D1 /* XRClassInfo.m */,
				2B4B0C5E1D7FE8A4009190D1 /* XRModel.h */,
			);
			path = XRModel;
			sourceTree = "<group>";
		};
		2B4B0C691D800577009190D1 /* Helper */ = {
			isa = PBXGroup;
			children = (
			);
			path = Helper;
			sourceTree = "<group>";
		};
		2B4B0C6A1D800577009190D1 /* Model */ = {
			isa = PBXGroup;
			children = (
			);
			path = Model;
			sourceTree = "<group>";
		};
		2B4B0C6B1D800577009190D1 /* View */ = {
			isa = PBXGroup;
			children = (
			);
			path = View;
			sourceTree = "<group>";
		};
		2B4B0C6C1D800577009190D1 /* ViewModel */ = {
			isa = PBXGroup;
			children = (
				2B4B0C6D1D800627009190D1 /* XMLYFindRadioViewModel.h */,
				2B4B0C6E1D800627009190D1 /* XMLYFindRadioViewModel.m */,
			);
			path = ViewModel;
			sourceTree = "<group>";
		};
		2B6E09D51D58367D000A8C58 = {
			isa = PBXGroup;
			children = (
				2B6E09E01D58367D000A8C58 /* XMLYFM */,
				2B6E09FA1D58367D000A8C58 /* XMLYFMTests */,
				2B6E0A051D58367D000A8C58 /* XMLYFMUITests */,
				2B6E09DF1D58367D000A8C58 /* Products */,
				DB988004C20E5E40051DDF8C /* Pods */,
				A5A39674C437B4106C96A8EB /* Frameworks */,
			);
			sourceTree = "<group>";
		};
		2B6E09DF1D58367D000A8C58 /* Products */ = {
			isa = PBXGroup;
			children = (
				2B6E09DE1D58367D000A8C58 /* XMLYFM.app */,
				2B6E09F71D58367D000A8C58 /* XMLYFMTests.xctest */,
				2B6E0A021D58367D000A8C58 /* XMLYFMUITests.xctest */,
			);
			name = Products;
			sourceTree = "<group>";
		};
		2B6E09E01D58367D000A8C58 /* XMLYFM */ = {
			isa = PBXGroup;
			children = (
				2B6E0A321D583FE6000A8C58 /* Resources */,
				2B6E0A441D584181000A8C58 /* General */,
				2B6E0A431D58415A000A8C58 /* HTTPRequest */,
				2B6E0A3D1D5840AD000A8C58 /* Sections */,
				2B6E0A341D583FFF000A8C58 /* Venders */,
				2B6E0A331D583FF6000A8C58 /* AppDelegate */,
				2B6E0A311D583FC7000A8C58 /* Root */,
				2B6E09E11D58367D000A8C58 /* Supporting Files */,
			);
			path = XMLYFM;
			sourceTree = "<group>";
		};
		2B6E09E11D58367D000A8C58 /* Supporting Files */ = {
			isa = PBXGroup;
			children = (
				2B6E09F21D58367D000A8C58 /* Info.plist */,
				2B6E09E21D58367D000A8C58 /* main.m */,
				2B6E0A7E1D588957000A8C58 /* XMLYFM-Prefix.pch */,
			);
			name = "Supporting Files";
			sourceTree = "<group>";
		};
		2B6E09FA1D58367D000A8C58 /* XMLYFMTests */ = {
			isa = PBXGroup;
			children = (
				2B6E09FB1D58367D000A8C58 /* XMLYFMTests.m */,
				2B6E09FD1D58367D000A8C58 /* Info.plist */,
			);
			path = XMLYFMTests;
			sourceTree = "<group>";
		};
		2B6E0A051D58367D000A8C58 /* XMLYFMUITests */ = {
			isa = PBXGroup;
			children = (
				2B6E0A061D58367D000A8C58 /* XMLYFMUITests.m */,
				2B6E0A081D58367D000A8C58 /* Info.plist */,
			);
			path = XMLYFMUITests;
			sourceTree = "<group>";
		};
		2B6E0A311D583FC7000A8C58 /* Root */ = {
			isa = PBXGroup;
			children = (
				2B6E0A451D584577000A8C58 /* Root.storyboard */,
				2B6E0A471D5845CF000A8C58 /* XMLYRootViewController.h */,
				2B6E0A481D5845CF000A8C58 /* XMLYRootViewController.m */,
			);
			path = Root;
			sourceTree = "<group>";
		};
		2B6E0A321D583FE6000A8C58 /* Resources */ = {
			isa = PBXGroup;
			children = (
				2B6E0A3B1D584062000A8C58 /* Assets.xcassets */,
			);
			path = Resources;
			sourceTree = "<group>";
		};
		2B6E0A331D583FF6000A8C58 /* AppDelegate */ = {
			isa = PBXGroup;
			children = (
				2B6E0A351D58402A000A8C58 /* AppDelegate.h */,
				2B6E0A361D58402A000A8C58 /* AppDelegate.m */,
			);
			path = AppDelegate;
			sourceTree = "<group>";
		};
		2B6E0A341D583FFF000A8C58 /* Venders */ = {
			isa = PBXGroup;
			children = (
				2B4B0C591D7FE8A4009190D1 /* XRModel */,
			);
			path = Venders;
			sourceTree = "<group>";
		};
		2B6E0A3D1D5840AD000A8C58 /* Sections */ = {
			isa = PBXGroup;
			children = (
				2B6E0A3F1D58412B000A8C58 /* FindSection */,
				2B6E0A421D58412B000A8C58 /* SubScribeSection */,
				2B6E0A411D58412B000A8C58 /* PlaySection */,
				2B6E0A3E1D58412B000A8C58 /* DownloadSection */,
				2B6E0A401D58412B000A8C58 /* MineSection */,
			);
			path = Sections;
			sourceTree = "<group>";
		};
		2B6E0A3E1D58412B000A8C58 /* DownloadSection */ = {
			isa = PBXGroup;
			children = (
				2B6E0A651D584E9C000A8C58 /* Controller */,
				2B6E0A661D584E9C000A8C58 /* Model */,
				2B6E0A671D584E9C000A8C58 /* StroyBoard */,
				2B6E0A681D584E9C000A8C58 /* View */,
			);
			path = DownloadSection;
			sourceTree = "<group>";
		};
		2B6E0A3F1D58412B000A8C58 /* FindSection */ = {
			isa = PBXGroup;
			children = (
				2B6E0A4A1D5846E6000A8C58 /* Controller */,
				2B6E0A4B1D5846E6000A8C58 /* Model */,
				2B6E0A4D1D5846E6000A8C58 /* View */,
				2B6E0A4C1D5846E6000A8C58 /* StoryBoard */,
			);
			path = FindSection;
			sourceTree = "<group>";
		};
		2B6E0A401D58412B000A8C58 /* MineSection */ = {
			isa = PBXGroup;
			children = (
				2B6E0A691D584EA5000A8C58 /* Controller */,
				2B6E0A6A1D584EA6000A8C58 /* Model */,
				2B6E0A6B1D584EA6000A8C58 /* StroyBoard */,
				2B6E0A6C1D584EA6000A8C58 /* View */,
			);
			path = MineSection;
			sourceTree = "<group>";
		};
		2B6E0A411D58412B000A8C58 /* PlaySection */ = {
			isa = PBXGroup;
			children = (
				2B6E0A5C1D584D2F000A8C58 /* Controller */,
				2B6E0A5D1D584D2F000A8C58 /* Model */,
				2B6E0A5F1D584D2F000A8C58 /* View */,
				2B6E0A5E1D584D2F000A8C58 /* StoryBoard */,
			);
			path = PlaySection;
			sourceTree = "<group>";
		};
		2B6E0A421D58412B000A8C58 /* SubScribeSection */ = {
			isa = PBXGroup;
			children = (
				2B6E0A531D584BE0000A8C58 /* Controller */,
				2B6E0A541D584BE0000A8C58 /* Model */,
				2B6E0A561D584BE0000A8C58 /* View */,
				2B6E0A551D584BE0000A8C58 /* StroyBoard */,
			);
			path = SubScribeSection;
			sourceTree = "<group>";
		};
		2B6E0A431D58415A000A8C58 /* HTTPRequest */ = {
			isa = PBXGroup;
			children = (
				2B1DF3C91D5DD69F00C8BC7F /* XMLYCateAPI */,
				2B4005F11D59ECD500605EFB /* XMLYBaseAPI */,
				2B4005F21D59ECD500605EFB /* XMLYFindAPI */,
				2B4005ED1D59E7E700605EFB /* HTTPBaseRequest */,
			);
			path = HTTPRequest;
			sourceTree = "<group>";
		};
		2B6E0A441D584181000A8C58 /* General */ = {
			isa = PBXGroup;
			children = (
				2B1DF3BC1D5DBED100C8BC7F /* XMLYExtension */,
				2B331DFC1D5B20D90092AA75 /* XMLYBase */,
				2B4005C91D59875600605EFB /* XMLYCommenUI */,
				2B6E0A771D58846E000A8C58 /* XMLYConfig */,
				2B6E0A781D58846E000A8C58 /* XMLYMacro */,
				2B6E0A791D58846E000A8C58 /* XMLYNotification */,
			);
			path = General;
			sourceTree = "<group>";
		};
		2B6E0A4A1D5846E6000A8C58 /* Controller */ = {
			isa = PBXGroup;
			children = (
				2B6E0A501D584BA1000A8C58 /* XMLYFindViewController.h */,
				2B6E0A511D584BA1000A8C58 /* XMLYFindViewController.m */,
				2B331DDC1D5B00230092AA75 /* XMLYSubFindFactory.h */,
				2B331DDD1D5B00230092AA75 /* XMLYSubFindFactory.m */,
				2B331DEE1D5B08830092AA75 /* FindBaseController */,
				2B331DD41D5AFF750092AA75 /* AnchorController */,
				2B331DD51D5AFF750092AA75 /* CategoryController */,
				2B331DD61D5AFF750092AA75 /* RadioController */,
				2B331DD71D5AFF750092AA75 /* RankController */,
				2B331DD81D5AFF750092AA75 /* RecommendControlller */,
			);
			path = Controller;
			sourceTree = "<group>";
		};
		2B6E0A4B1D5846E6000A8C58 /* Model */ = {
			isa = PBXGroup;
			children = (
			);
			path = Model;
			sourceTree = "<group>";
		};
		2B6E0A4C1D5846E6000A8C58 /* StoryBoard */ = {
			isa = PBXGroup;
			children = (
				2B6E0A4E1D58471C000A8C58 /* Find.storyboard */,
			);
			path = StoryBoard;
			sourceTree = "<group>";
		};
		2B6E0A4D1D5846E6000A8C58 /* View */ = {
			isa = PBXGroup;
			children = (
				2B4005C51D59767B00605EFB /* SubTitleView */,
			);
			path = View;
			sourceTree = "<group>";
		};
		2B6E0A531D584BE0000A8C58 /* Controller */ = {
			isa = PBXGroup;
			children = (
				2B6E0A591D584C6C000A8C58 /* XMLYSubScribeViewController.h */,
				2B6E0A5A1D584C6C000A8C58 /* XMLYSubScribeViewController.m */,
			);
			path = Controller;
			sourceTree = "<group>";
		};
		2B6E0A541D584BE0000A8C58 /* Model */ = {
			isa = PBXGroup;
			children = (
			);
			path = Model;
			sourceTree = "<group>";
		};
		2B6E0A551D584BE0000A8C58 /* StroyBoard */ = {
			isa = PBXGroup;
			children = (
				2B6E0A571D584BF6000A8C58 /* SubScribe.storyboard */,
			);
			path = StroyBoard;
			sourceTree = "<group>";
		};
		2B6E0A561D584BE0000A8C58 /* View */ = {
			isa = PBXGroup;
			children = (
				2B1DF3CD1D5DDDC100C8BC7F /* XMLYSubScribeNavView.h */,
				2B1DF3CE1D5DDDC100C8BC7F /* XMLYSubScribeNavView.m */,
			);
			path = View;
			sourceTree = "<group>";
		};
		2B6E0A5C1D584D2F000A8C58 /* Controller */ = {
			isa = PBXGroup;
			children = (
				2B6E0A621D584E2A000A8C58 /* XMLYPlayViewController.h */,
				2B6E0A631D584E2A000A8C58 /* XMLYPlayViewController.m */,
			);
			path = Controller;
			sourceTree = "<group>";
		};
		2B6E0A5D1D584D2F000A8C58 /* Model */ = {
			isa = PBXGroup;
			children = (
			);
			path = Model;
			sourceTree = "<group>";
		};
		2B6E0A5E1D584D2F000A8C58 /* StoryBoard */ = {
			isa = PBXGroup;
			children = (
				2B6E0A601D584D46000A8C58 /* Play.storyboard */,
			);
			path = StoryBoard;
			sourceTree = "<group>";
		};
		2B6E0A5F1D584D2F000A8C58 /* View */ = {
			isa = PBXGroup;
			children = (
			);
			path = View;
			sourceTree = "<group>";
		};
		2B6E0A651D584E9C000A8C58 /* Controller */ = {
			isa = PBXGroup;
			children = (
				2B6E0A6F1D584F19000A8C58 /* XMLYDownLoadViewController.h */,
				2B6E0A701D584F19000A8C58 /* XMLYDownLoadViewController.m */,
			);
			path = Controller;
			sourceTree = "<group>";
		};
		2B6E0A661D584E9C000A8C58 /* Model */ = {
			isa = PBXGroup;
			children = (
			);
			path = Model;
			sourceTree = "<group>";
		};
		2B6E0A671D584E9C000A8C58 /* StroyBoard */ = {
			isa = PBXGroup;
			children = (
				2B6E0A6D1D584EC4000A8C58 /* DownLoad.storyboard */,
			);
			path = StroyBoard;
			sourceTree = "<group>";
		};
		2B6E0A681D584E9C000A8C58 /* View */ = {
			isa = PBXGroup;
			children = (
			);
			path = View;
			sourceTree = "<group>";
		};
		2B6E0A691D584EA5000A8C58 /* Controller */ = {
			isa = PBXGroup;
			children = (
				2B6E0A741D584F74000A8C58 /* XMLYMineViewController.h */,
				2B6E0A751D584F74000A8C58 /* XMLYMineViewController.m */,
			);
			path = Controller;
			sourceTree = "<group>";
		};
		2B6E0A6A1D584EA6000A8C58 /* Model */ = {
			isa = PBXGroup;
			children = (
			);
			path = Model;
			sourceTree = "<group>";
		};
		2B6E0A6B1D584EA6000A8C58 /* StroyBoard */ = {
			isa = PBXGroup;
			children = (
				2B6E0A721D584F30000A8C58 /* Mine.storyboard */,
			);
			path = StroyBoard;
			sourceTree = "<group>";
		};
		2B6E0A6C1D584EA6000A8C58 /* View */ = {
			isa = PBXGroup;
			children = (
			);
			path = View;
			sourceTree = "<group>";
		};
		2B6E0A771D58846E000A8C58 /* XMLYConfig */ = {
			isa = PBXGroup;
			children = (
			);
			path = XMLYConfig;
			sourceTree = "<group>";
		};
		2B6E0A781D58846E000A8C58 /* XMLYMacro */ = {
			isa = PBXGroup;
			children = (
				2B6E0A7A1D588481000A8C58 /* XMLYMacro.h */,
				2B6E0A7B1D588481000A8C58 /* XMLYMacro.m */,
			);
			path = XMLYMacro;
			sourceTree = "<group>";
		};
		2B6E0A791D58846E000A8C58 /* XMLYNotification */ = {
			isa = PBXGroup;
			children = (
				2B1DF3B11D5DA63300C8BC7F /* XMLYNotification.h */,
				2B1DF3B21D5DA63300C8BC7F /* XMLYNotification.m */,
			);
			path = XMLYNotification;
			sourceTree = "<group>";
		};
		A5A39674C437B4106C96A8EB /* Frameworks */ = {
			isa = PBXGroup;
			children = (
				74D832EE11D9F3816A4F52F6 /* libPods-XMLYFM.a */,
			);
			name = Frameworks;
			sourceTree = "<group>";
		};
		DB988004C20E5E40051DDF8C /* Pods */ = {
			isa = PBXGroup;
			children = (
				D0485ABDEC5652D66D70C0F1 /* Pods-XMLYFM.debug.xcconfig */,
				8B7040AA7CAB90D071FCA8D3 /* Pods-XMLYFM.release.xcconfig */,
			);
			name = Pods;
			sourceTree = "<group>";
		};
/* End PBXGroup section */

/* Begin PBXNativeTarget section */
		2B6E09DD1D58367D000A8C58 /* XMLYFM */ = {
			isa = PBXNativeTarget;
			buildConfigurationList = 2B6E0A0B1D58367D000A8C58 /* Build configuration list for PBXNativeTarget "XMLYFM" */;
			buildPhases = (
				35C231E31D1F2EA11D0990B8 /* [CP] Check Pods Manifest.lock */,
				2B6E09DA1D58367D000A8C58 /* Sources */,
				2B6E09DB1D58367D000A8C58 /* Frameworks */,
				2B6E09DC1D58367D000A8C58 /* Resources */,
				F2940B790002E888CD7C4377 /* [CP] Embed Pods Frameworks */,
				C886AB5E4B51D617BE6C292A /* [CP] Copy Pods Resources */,
			);
			buildRules = (
			);
			dependencies = (
			);
			name = XMLYFM;
			productName = XMLYFM;
			productReference = 2B6E09DE1D58367D000A8C58 /* XMLYFM.app */;
			productType = "com.apple.product-type.application";
		};
		2B6E09F61D58367D000A8C58 /* XMLYFMTests */ = {
			isa = PBXNativeTarget;
			buildConfigurationList = 2B6E0A0E1D58367D000A8C58 /* Build configuration list for PBXNativeTarget "XMLYFMTests" */;
			buildPhases = (
				2B6E09F31D58367D000A8C58 /* Sources */,
				2B6E09F41D58367D000A8C58 /* Frameworks */,
				2B6E09F51D58367D000A8C58 /* Resources */,
			);
			buildRules = (
			);
			dependencies = (
				2B6E09F91D58367D000A8C58 /* PBXTargetDependency */,
			);
			name = XMLYFMTests;
			productName = XMLYFMTests;
			productReference = 2B6E09F71D58367D000A8C58 /* XMLYFMTests.xctest */;
			productType = "com.apple.product-type.bundle.unit-test";
		};
		2B6E0A011D58367D000A8C58 /* XMLYFMUITests */ = {
			isa = PBXNativeTarget;
			buildConfigurationList = 2B6E0A111D58367D000A8C58 /* Build configuration list for PBXNativeTarget "XMLYFMUITests" */;
			buildPhases = (
				2B6E09FE1D58367D000A8C58 /* Sources */,
				2B6E09FF1D58367D000A8C58 /* Frameworks */,
				2B6E0A001D58367D000A8C58 /* Resources */,
			);
			buildRules = (
			);
			dependencies = (
				2B6E0A041D58367D000A8C58 /* PBXTargetDependency */,
			);
			name = XMLYFMUITests;
			productName = XMLYFMUITests;
			productReference = 2B6E0A021D58367D000A8C58 /* XMLYFMUITests.xctest */;
			productType = "com.apple.product-type.bundle.ui-testing";
		};
/* End PBXNativeTarget section */

/* Begin PBXProject section */
		2B6E09D61D58367D000A8C58 /* Project object */ = {
			isa = PBXProject;
			attributes = {
				LastUpgradeCheck = 0730;
				ORGANIZATIONNAME = East_wu;
				TargetAttributes = {
					2B6E09DD1D58367D000A8C58 = {
						CreatedOnToolsVersion = 7.3.1;
					};
					2B6E09F61D58367D000A8C58 = {
						CreatedOnToolsVersion = 7.3.1;
						TestTargetID = 2B6E09DD1D58367D000A8C58;
					};
					2B6E0A011D58367D000A8C58 = {
						CreatedOnToolsVersion = 7.3.1;
						TestTargetID = 2B6E09DD1D58367D000A8C58;
					};
				};
			};
			buildConfigurationList = 2B6E09D91D58367D000A8C58 /* Build configuration list for PBXProject "XMLYFM" */;
			compatibilityVersion = "Xcode 3.2";
			developmentRegion = English;
			hasScannedForEncodings = 0;
			knownRegions = (
				en,
				Base,
			);
			mainGroup = 2B6E09D51D58367D000A8C58;
			productRefGroup = 2B6E09DF1D58367D000A8C58 /* Products */;
			projectDirPath = "";
			projectRoot = "";
			targets = (
				2B6E09DD1D58367D000A8C58 /* XMLYFM */,
				2B6E09F61D58367D000A8C58 /* XMLYFMTests */,
				2B6E0A011D58367D000A8C58 /* XMLYFMUITests */,
			);
		};
/* End PBXProject section */

/* Begin PBXResourcesBuildPhase section */
		2B6E09DC1D58367D000A8C58 /* Resources */ = {
			isa = PBXResourcesBuildPhase;
			buildActionMask = 2147483647;
			files = (
				2B4B0C681D7FF0BB009190D1 /* XMLYFindCategoryCell.xib in Resources */,
				2B1DF3A61D5D782100C8BC7F /* XMLYFindCellStyleSpecial.xib in Resources */,
				2B6E0A6E1D584EC4000A8C58 /* DownLoad.storyboard in Resources */,
				2B6E0A461D584577000A8C58 /* Root.storyboard in Resources */,
				2B6E0A581D584BF6000A8C58 /* SubScribe.storyboard in Resources */,
				2B1DF3AC1D5D825100C8BC7F /* XMLYFindCellStyleMore.xib in Resources */,
				2B6E0A3C1D584062000A8C58 /* Assets.xcassets in Resources */,
				2B6E0A731D584F30000A8C58 /* Mine.storyboard in Resources */,
				2B1DF39F1D5D6E5E00C8BC7F /* XMLYFindCellStyleLive.xib in Resources */,
				2B1DF3911D5D691700C8BC7F /* XMLYFindCellStyleFee.xib in Resources */,
				2B6E0A4F1D58471C000A8C58 /* Find.storyboard in Resources */,
				2B1DF3BB1D5DBA5200C8BC7F /* XMLYFindRecomHeader.xib in Resources */,
				2B1DF3C81D5DCC3500C8BC7F /* XMLYHeaderIconView.xib in Resources */,
				2B6E0A611D584D46000A8C58 /* Play.storyboard in Resources */,
			);
			runOnlyForDeploymentPostprocessing = 0;
		};
		2B6E09F51D58367D000A8C58 /* Resources */ = {
			isa = PBXResourcesBuildPhase;
			buildActionMask = 2147483647;
			files = (
			);
			runOnlyForDeploymentPostprocessing = 0;
		};
		2B6E0A001D58367D000A8C58 /* Resources */ = {
			isa = PBXResourcesBuildPhase;
			buildActionMask = 2147483647;
			files = (
			);
			runOnlyForDeploymentPostprocessing = 0;
		};
/* End PBXResourcesBuildPhase section */

/* Begin PBXShellScriptBuildPhase section */
		35C231E31D1F2EA11D0990B8 /* [CP] Check Pods Manifest.lock */ = {
			isa = PBXShellScriptBuildPhase;
			buildActionMask = 2147483647;
			files = (
			);
			inputPaths = (
			);
			name = "[CP] Check Pods Manifest.lock";
			outputPaths = (
			);
			runOnlyForDeploymentPostprocessing = 0;
			shellPath = /bin/sh;
			shellScript = "diff \"${PODS_ROOT}/../Podfile.lock\" \"${PODS_ROOT}/Manifest.lock\" > /dev/null\nif [[ $? != 0 ]] ; then\n    cat << EOM\nerror: The sandbox is not in sync with the Podfile.lock. Run 'pod install' or update your CocoaPods installation.\nEOM\n    exit 1\nfi\n";
			showEnvVarsInLog = 0;
		};
		C886AB5E4B51D617BE6C292A /* [CP] Copy Pods Resources */ = {
			isa = PBXShellScriptBuildPhase;
			buildActionMask = 2147483647;
			files = (
			);
			inputPaths = (
			);
			name = "[CP] Copy Pods Resources";
			outputPaths = (
			);
			runOnlyForDeploymentPostprocessing = 0;
			shellPath = /bin/sh;
			shellScript = "\"${SRCROOT}/Pods/Target Support Files/Pods-XMLYFM/Pods-XMLYFM-resources.sh\"\n";
			showEnvVarsInLog = 0;
		};
		F2940B790002E888CD7C4377 /* [CP] Embed Pods Frameworks */ = {
			isa = PBXShellScriptBuildPhase;
			buildActionMask = 2147483647;
			files = (
			);
			inputPaths = (
			);
			name = "[CP] Embed Pods Frameworks";
			outputPaths = (
			);
			runOnlyForDeploymentPostprocessing = 0;
			shellPath = /bin/sh;
			shellScript = "\"${SRCROOT}/Pods/Target Support Files/Pods-XMLYFM/Pods-XMLYFM-frameworks.sh\"\n";
			showEnvVarsInLog = 0;
		};
/* End PBXShellScriptBuildPhase section */

/* Begin PBXSourcesBuildPhase section */
		2B6E09DA1D58367D000A8C58 /* Sources */ = {
			isa = PBXSourcesBuildPhase;
			buildActionMask = 2147483647;
			files = (
				2B4B0C5F1D7FE8A4009190D1 /* NSObject+XRModel.m in Sources */,
				2B6E0A641D584E2A000A8C58 /* XMLYPlayViewController.m in Sources */,
				2B4005C81D59769600605EFB /* XMLYFindSubTitleView.m in Sources */,
				2B6E0A5B1D584C6C000A8C58 /* XMLYSubScribeViewController.m in Sources */,
				2B6E09E31D58367D000A8C58 /* main.m in Sources */,
				2B6E0A521D584BA1000A8C58 /* XMLYFindViewController.m in Sources */,
				2B6E0A7C1D588481000A8C58 /* XMLYMacro.m in Sources */,
				2B6E0A711D584F19000A8C58 /* XMLYDownLoadViewController.m in Sources */,
				2B331DDB1D5AFFA50092AA75 /* XMLYFindRecommendController.m in Sources */,
				2B1DF3C61D5DCC2100C8BC7F /* XMLYHeaderIconView.m in Sources */,
				2B1DF3C21D5DBF0A00C8BC7F /* UIView+Extension.m in Sources */,
				2B331DE71D5B01E80092AA75 /* XMLYFindCategoryController.m in Sources */,
				2B4B0C671D7FF0BB009190D1 /* XMLYFindCategoryCell.m in Sources */,
				2B1DF3901D5D691700C8BC7F /* XMLYFindCellStyleFee.m in Sources */,
				2B4005F51D59ECE100605EFB /* XMLYBaseAPI.m in Sources */,
				2B4005F81D59ED6600605EFB /* XMLYFindAPI.m in Sources */,
				2B4B0C6F1D800627009190D1 /* XMLYFindRadioViewModel.m in Sources */,
				2B6E0A761D584F74000A8C58 /* XMLYMineViewController.m in Sources */,
				2B331DDE1D5B00230092AA75 /* XMLYSubFindFactory.m in Sources */,
				2B331DF11D5B08A70092AA75 /* XMLYFindBaseController.m in Sources */,
				2B1DF3CC1D5DD6BE00C8BC7F /* XMLYCategoryAPI.m in Sources */,
				2B331E021D5B21360092AA75 /* XMLYFindLiveModel.m in Sources */,
				2B6E0A371D58402A000A8C58 /* AppDelegate.m in Sources */,
				2B1DF39E1D5D6E5E00C8BC7F /* XMLYFindCellStyleLive.m in Sources */,
				2B1DF3A51D5D782100C8BC7F /* XMLYFindCellStyleSpecial.m in Sources */,
				2B4005D11D59887C00605EFB /* XMLYBaseController.m in Sources */,
				2B4B0C601D7FE8A4009190D1 /* XRClassInfo.m in Sources */,
				2B331DF71D5B0DF50092AA75 /* XMLYFindRecomViewModel.m in Sources */,
				2B4B0C551D7FCA93009190D1 /* XMLYFindCategoryViewModel.m in Sources */,
				2B331DE11D5B01C10092AA75 /* XMLYFindRankController.m in Sources */,
				2B1DF3B71D5DB8AE00C8BC7F /* XMLYFindRecomHeader.m in Sources */,
				2B1DF3B31D5DA63300C8BC7F /* XMLYNotification.m in Sources */,
				2B4005D41D59889600605EFB /* XMLYBaseNavigationController.m in Sources */,
				2BCA2C241D5C7C6E00F99DB2 /* XMLYFindHotGuessModel.m in Sources */,
				2B1DF3CF1D5DDDC100C8BC7F /* XMLYSubScribeNavView.m in Sources */,
				2B6E0A491D5845CF000A8C58 /* XMLYRootViewController.m in Sources */,
				2B331DE41D5B01D50092AA75 /* XMLYFindRadioController.m in Sources */,
				2B331DFF1D5B20E80092AA75 /* XMLYBaseModel.m in Sources */,
				2B4B0C631D7FED36009190D1 /* XMLYCategoryFooterModel.m in Sources */,
				2B1DF3941D5D693000C8BC7F /* XMLYFindBaseCell.m in Sources */,
				2B331E051D5B23EB0092AA75 /* XMLYFindRecommendModel.m in Sources */,
				2B1DF3AB1D5D825100C8BC7F /* XMLYFindCellStyleMore.m in Sources */,
				2B1DF3981D5D69BC00C8BC7F /* XMLYFindCellFactory.m in Sources */,
				2B4005F01D59E7F700605EFB /* XMLYBaseRequest.m in Sources */,
				2B331DED1D5B02440092AA75 /* XMLYFindAnchorController.m in Sources */,
				2B1DF3B01D5DA40F00C8BC7F /* XMLYFindRecommendHelper.m in Sources */,
				2B4B0C581D7FCB22009190D1 /* XMLYCategoryModel.m in Sources */,
			);
			runOnlyForDeploymentPostprocessing = 0;
		};
		2B6E09F31D58367D000A8C58 /* Sources */ = {
			isa = PBXSourcesBuildPhase;
			buildActionMask = 2147483647;
			files = (
				2B331DF81D5B14BC0092AA75 /* XMLYFindRecomViewModel.m in Sources */,
				2B6E09FC1D58367D000A8C58 /* XMLYFMTests.m in Sources */,
			);
			runOnlyForDeploymentPostprocessing = 0;
		};
		2B6E09FE1D58367D000A8C58 /* Sources */ = {
			isa = PBXSourcesBuildPhase;
			buildActionMask = 2147483647;
			files = (
				2B6E0A071D58367D000A8C58 /* XMLYFMUITests.m in Sources */,
			);
			runOnlyForDeploymentPostprocessing = 0;
		};
/* End PBXSourcesBuildPhase section */

/* Begin PBXTargetDependency section */
		2B6E09F91D58367D000A8C58 /* PBXTargetDependency */ = {
			isa = PBXTargetDependency;
			target = 2B6E09DD1D58367D000A8C58 /* XMLYFM */;
			targetProxy = 2B6E09F81D58367D000A8C58 /* PBXContainerItemProxy */;
		};
		2B6E0A041D58367D000A8C58 /* PBXTargetDependency */ = {
			isa = PBXTargetDependency;
			target = 2B6E09DD1D58367D000A8C58 /* XMLYFM */;
			targetProxy = 2B6E0A031D58367D000A8C58 /* PBXContainerItemProxy */;
		};
/* End PBXTargetDependency section */

/* Begin XCBuildConfiguration section */
		2B6E0A091D58367D000A8C58 /* Debug */ = {
			isa = XCBuildConfiguration;
			buildSettings = {
				ALWAYS_SEARCH_USER_PATHS = NO;
				CLANG_ANALYZER_NONNULL = YES;
				CLANG_CXX_LANGUAGE_STANDARD = "gnu++0x";
				CLANG_CXX_LIBRARY = "libc++";
				CLANG_ENABLE_MODULES = YES;
				CLANG_ENABLE_OBJC_ARC = YES;
				CLANG_WARN_BOOL_CONVERSION = YES;
				CLANG_WARN_CONSTANT_CONVERSION = YES;
				CLANG_WARN_DIRECT_OBJC_ISA_USAGE = YES_ERROR;
				CLANG_WARN_EMPTY_BODY = YES;
				CLANG_WARN_ENUM_CONVERSION = YES;
				CLANG_WARN_INT_CONVERSION = YES;
				CLANG_WARN_OBJC_ROOT_CLASS = YES_ERROR;
				CLANG_WARN_UNREACHABLE_CODE = YES;
				CLANG_WARN__DUPLICATE_METHOD_MATCH = YES;
				"CODE_SIGN_IDENTITY[sdk=iphoneos*]" = "iPhone Developer";
				COPY_PHASE_STRIP = NO;
				DEBUG_INFORMATION_FORMAT = dwarf;
				ENABLE_STRICT_OBJC_MSGSEND = YES;
				ENABLE_TESTABILITY = YES;
				GCC_C_LANGUAGE_STANDARD = gnu99;
				GCC_DYNAMIC_NO_PIC = NO;
				GCC_NO_COMMON_BLOCKS = YES;
				GCC_OPTIMIZATION_LEVEL = 0;
				GCC_PREPROCESSOR_DEFINITIONS = (
					"DEBUG=1",
					"$(inherited)",
				);
				GCC_WARN_64_TO_32_BIT_CONVERSION = YES;
				GCC_WARN_ABOUT_RETURN_TYPE = YES_ERROR;
				GCC_WARN_UNDECLARED_SELECTOR = YES;
				GCC_WARN_UNINITIALIZED_AUTOS = YES_AGGRESSIVE;
				GCC_WARN_UNUSED_FUNCTION = YES;
				GCC_WARN_UNUSED_VARIABLE = YES;
				IPHONEOS_DEPLOYMENT_TARGET = 9.3;
				MTL_ENABLE_DEBUG_INFO = YES;
				ONLY_ACTIVE_ARCH = YES;
				SDKROOT = iphoneos;
				TARGETED_DEVICE_FAMILY = "1,2";
			};
			name = Debug;
		};
		2B6E0A0A1D58367D000A8C58 /* Release */ = {
			isa = XCBuildConfiguration;
			buildSettings = {
				ALWAYS_SEARCH_USER_PATHS = NO;
				CLANG_ANALYZER_NONNULL = YES;
				CLANG_CXX_LANGUAGE_STANDARD = "gnu++0x";
				CLANG_CXX_LIBRARY = "libc++";
				CLANG_ENABLE_MODULES = YES;
				CLANG_ENABLE_OBJC_ARC = YES;
				CLANG_WARN_BOOL_CONVERSION = YES;
				CLANG_WARN_CONSTANT_CONVERSION = YES;
				CLANG_WARN_DIRECT_OBJC_ISA_USAGE = YES_ERROR;
				CLANG_WARN_EMPTY_BODY = YES;
				CLANG_WARN_ENUM_CONVERSION = YES;
				CLANG_WARN_INT_CONVERSION = YES;
				CLANG_WARN_OBJC_ROOT_CLASS = YES_ERROR;
				CLANG_WARN_UNREACHABLE_CODE = YES;
				CLANG_WARN__DUPLICATE_METHOD_MATCH = YES;
				"CODE_SIGN_IDENTITY[sdk=iphoneos*]" = "iPhone Developer";
				COPY_PHASE_STRIP = NO;
				DEBUG_INFORMATION_FORMAT = "dwarf-with-dsym";
				ENABLE_NS_ASSERTIONS = NO;
				ENABLE_STRICT_OBJC_MSGSEND = YES;
				GCC_C_LANGUAGE_STANDARD = gnu99;
				GCC_NO_COMMON_BLOCKS = YES;
				GCC_WARN_64_TO_32_BIT_CONVERSION = YES;
				GCC_WARN_ABOUT_RETURN_TYPE = YES_ERROR;
				GCC_WARN_UNDECLARED_SELECTOR = YES;
				GCC_WARN_UNINITIALIZED_AUTOS = YES_AGGRESSIVE;
				GCC_WARN_UNUSED_FUNCTION = YES;
				GCC_WARN_UNUSED_VARIABLE = YES;
				IPHONEOS_DEPLOYMENT_TARGET = 9.3;
				MTL_ENABLE_DEBUG_INFO = NO;
				SDKROOT = iphoneos;
				TARGETED_DEVICE_FAMILY = "1,2";
				VALIDATE_PRODUCT = YES;
			};
			name = Release;
		};
		2B6E0A0C1D58367D000A8C58 /* Debug */ = {
			isa = XCBuildConfiguration;
			baseConfigurationReference = D0485ABDEC5652D66D70C0F1 /* Pods-XMLYFM.debug.xcconfig */;
			buildSettings = {
				ASSETCATALOG_COMPILER_APPICON_NAME = AppIcon;
				ASSETCATALOG_COMPILER_LAUNCHIMAGE_NAME = LaunchImage;
				GCC_PRECOMPILE_PREFIX_HEADER = YES;
				GCC_PREFIX_HEADER = "XMLYFM/XMLYFM-Prefix.pch";
				INFOPLIST_FILE = XMLYFM/Info.plist;
				IPHONEOS_DEPLOYMENT_TARGET = 8.0;
				LD_RUNPATH_SEARCH_PATHS = "$(inherited) @executable_path/Frameworks";
				PRODUCT_BUNDLE_IDENTIFIER = com.wudong.XMLYFM;
				PRODUCT_NAME = "$(TARGET_NAME)";
				TARGETED_DEVICE_FAMILY = 1;
			};
			name = Debug;
		};
		2B6E0A0D1D58367D000A8C58 /* Release */ = {
			isa = XCBuildConfiguration;
			baseConfigurationReference = 8B7040AA7CAB90D071FCA8D3 /* Pods-XMLYFM.release.xcconfig */;
			buildSettings = {
				ASSETCATALOG_COMPILER_APPICON_NAME = AppIcon;
				ASSETCATALOG_COMPILER_LAUNCHIMAGE_NAME = LaunchImage;
				GCC_PRECOMPILE_PREFIX_HEADER = YES;
				GCC_PREFIX_HEADER = "XMLYFM/XMLYFM-Prefix.pch";
				INFOPLIST_FILE = XMLYFM/Info.plist;
				IPHONEOS_DEPLOYMENT_TARGET = 8.0;
				LD_RUNPATH_SEARCH_PATHS = "$(inherited) @executable_path/Frameworks";
				PRODUCT_BUNDLE_IDENTIFIER = com.wudong.XMLYFM;
				PRODUCT_NAME = "$(TARGET_NAME)";
				TARGETED_DEVICE_FAMILY = 1;
			};
			name = Release;
		};
		2B6E0A0F1D58367D000A8C58 /* Debug */ = {
			isa = XCBuildConfiguration;
			buildSettings = {
				BUNDLE_LOADER = "$(TEST_HOST)";
				INFOPLIST_FILE = XMLYFMTests/Info.plist;
				LD_RUNPATH_SEARCH_PATHS = "$(inherited) @executable_path/Frameworks @loader_path/Frameworks";
				PRODUCT_BUNDLE_IDENTIFIER = com.wudong.XMLYFMTests;
				PRODUCT_NAME = "$(TARGET_NAME)";
				TEST_HOST = "$(BUILT_PRODUCTS_DIR)/XMLYFM.app/XMLYFM";
			};
			name = Debug;
		};
		2B6E0A101D58367D000A8C58 /* Release */ = {
			isa = XCBuildConfiguration;
			buildSettings = {
				BUNDLE_LOADER = "$(TEST_HOST)";
				INFOPLIST_FILE = XMLYFMTests/Info.plist;
				LD_RUNPATH_SEARCH_PATHS = "$(inherited) @executable_path/Frameworks @loader_path/Frameworks";
				PRODUCT_BUNDLE_IDENTIFIER = com.wudong.XMLYFMTests;
				PRODUCT_NAME = "$(TARGET_NAME)";
				TEST_HOST = "$(BUILT_PRODUCTS_DIR)/XMLYFM.app/XMLYFM";
			};
			name = Release;
		};
		2B6E0A121D58367D000A8C58 /* Debug */ = {
			isa = XCBuildConfiguration;
			buildSettings = {
				INFOPLIST_FILE = XMLYFMUITests/Info.plist;
				LD_RUNPATH_SEARCH_PATHS = "$(inherited) @executable_path/Frameworks @loader_path/Frameworks";
				PRODUCT_BUNDLE_IDENTIFIER = com.wudong.XMLYFMUITests;
				PRODUCT_NAME = "$(TARGET_NAME)";
				TEST_TARGET_NAME = XMLYFM;
			};
			name = Debug;
		};
		2B6E0A131D58367D000A8C58 /* Release */ = {
			isa = XCBuildConfiguration;
			buildSettings = {
				INFOPLIST_FILE = XMLYFMUITests/Info.plist;
				LD_RUNPATH_SEARCH_PATHS = "$(inherited) @executable_path/Frameworks @loader_path/Frameworks";
				PRODUCT_BUNDLE_IDENTIFIER = com.wudong.XMLYFMUITests;
				PRODUCT_NAME = "$(TARGET_NAME)";
				TEST_TARGET_NAME = XMLYFM;
			};
			name = Release;
		};
/* End XCBuildConfiguration section */

/* Begin XCConfigurationList section */
		2B6E09D91D58367D000A8C58 /* Build configuration list for PBXProject "XMLYFM" */ = {
			isa = XCConfigurationList;
			buildConfigurations = (
				2B6E0A091D58367D000A8C58 /* Debug */,
				2B6E0A0A1D58367D000A8C58 /* Release */,
			);
			defaultConfigurationIsVisible = 0;
			defaultConfigurationName = Release;
		};
		2B6E0A0B1D58367D000A8C58 /* Build configuration list for PBXNativeTarget "XMLYFM" */ = {
			isa = XCConfigurationList;
			buildConfigurations = (
				2B6E0A0C1D58367D000A8C58 /* Debug */,
				2B6E0A0D1D58367D000A8C58 /* Release */,
			);
			defaultConfigurationIsVisible = 0;
			defaultConfigurationName = Release;
		};
		2B6E0A0E1D58367D000A8C58 /* Build configuration list for PBXNativeTarget "XMLYFMTests" */ = {
			isa = XCConfigurationList;
			buildConfigurations = (
				2B6E0A0F1D58367D000A8C58 /* Debug */,
				2B6E0A101D58367D000A8C58 /* Release */,
			);
			defaultConfigurationIsVisible = 0;
			defaultConfigurationName = Release;
		};
		2B6E0A111D58367D000A8C58 /* Build configuration list for PBXNativeTarget "XMLYFMUITests" */ = {
			isa = XCConfigurationList;
			buildConfigurations = (
				2B6E0A121D58367D000A8C58 /* Debug */,
				2B6E0A131D58367D000A8C58 /* Release */,
			);
			defaultConfigurationIsVisible = 0;
			defaultConfigurationName = Release;
		};
/* End XCConfigurationList section */
	};
	rootObject = 2B6E09D61D58367D000A8C58 /* Project object */;
}
